{
  "version": 4,
  "terraform_version": "1.5.3",
  "serial": 67,
  "lineage": "601f0ea0-141c-5b21-52cd-243977970811",
  "outputs": {},
  "resources": [
    {
      "mode": "data",
      "type": "aws_caller_identity",
      "name": "current",
      "provider": "provider[\"registry.terraform.io/hashicorp/aws\"]",
      "instances": [
        {
          "schema_version": 0,
          "attributes": {
            "account_id": "093304591402",
            "arn": "arn:aws:iam::093304591402:user/enriquemanuel",
            "id": "093304591402",
            "user_id": "AIDAJU6OCXS3S2JPF5XZO"
          },
          "sensitive_attributes": []
        }
      ]
    },
    {
      "mode": "data",
      "type": "aws_iam_policy_document",
      "name": "vpc_cni_ipv6",
      "provider": "provider[\"registry.terraform.io/hashicorp/aws\"]",
      "instances": [
        {
          "index_key": 0,
          "schema_version": 0,
          "attributes": {
            "id": "141523611",
            "json": "{\n  \"Version\": \"2012-10-17\",\n  \"Statement\": [\n    {\n      \"Effect\": \"Allow\",\n      \"Action\": [\n        \"ec2:DescribeTags\",\n        \"ec2:DescribeNetworkInterfaces\",\n        \"ec2:DescribeInstances\",\n        \"ec2:DescribeInstanceTypes\",\n        \"ec2:AssignIpv6Addresses\"\n      ],\n      \"Resource\": \"*\"\n    },\n    {\n      \"Effect\": \"Allow\",\n      \"Action\": \"ec2:CreateTags\",\n      \"Resource\": \"arn:aws:ec2:*:*:network-interface/*\"\n    }\n  ]\n}",
            "minified_json": "{\"Version\":\"2012-10-17\",\"Statement\":[{\"Effect\":\"Allow\",\"Action\":[\"ec2:DescribeTags\",\"ec2:DescribeNetworkInterfaces\",\"ec2:DescribeInstances\",\"ec2:DescribeInstanceTypes\",\"ec2:AssignIpv6Addresses\"],\"Resource\":\"*\"},{\"Effect\":\"Allow\",\"Action\":\"ec2:CreateTags\",\"Resource\":\"arn:aws:ec2:*:*:network-interface/*\"}]}",
            "override_json": null,
            "override_policy_documents": null,
            "policy_id": null,
            "source_json": null,
            "source_policy_documents": null,
            "statement": [
              {
                "actions": [
                  "ec2:AssignIpv6Addresses",
                  "ec2:DescribeInstanceTypes",
                  "ec2:DescribeInstances",
                  "ec2:DescribeNetworkInterfaces",
                  "ec2:DescribeTags"
                ],
                "condition": [],
                "effect": "Allow",
                "not_actions": [],
                "not_principals": [],
                "not_resources": [],
                "principals": [],
                "resources": [
                  "*"
                ],
                "sid": ""
              },
              {
                "actions": [
                  "ec2:CreateTags"
                ],
                "condition": [],
                "effect": "Allow",
                "not_actions": [],
                "not_principals": [],
                "not_resources": [],
                "principals": [],
                "resources": [
                  "arn:aws:ec2:*:*:network-interface/*"
                ],
                "sid": ""
              }
            ],
            "version": "2012-10-17"
          },
          "sensitive_attributes": []
        }
      ]
    },
    {
      "mode": "data",
      "type": "aws_iam_session_context",
      "name": "current",
      "provider": "provider[\"registry.terraform.io/hashicorp/aws\"]",
      "instances": [
        {
          "schema_version": 0,
          "attributes": {
            "arn": "arn:aws:iam::093304591402:user/enriquemanuel",
            "id": "arn:aws:iam::093304591402:user/enriquemanuel",
            "issuer_arn": "arn:aws:iam::093304591402:user/enriquemanuel",
            "issuer_id": "",
            "issuer_name": "",
            "session_name": ""
          },
          "sensitive_attributes": []
        }
      ]
    },
    {
      "mode": "managed",
      "type": "aws_iam_role_policy_attachment",
      "name": "vpc_cni",
      "provider": "provider[\"registry.terraform.io/hashicorp/aws\"]",
      "instances": [
        {
          "index_key": 0,
          "schema_version": 0,
          "attributes": {
            "id": "ev-dev-eks-aws-node@kube-system-2024061413043941740000000f",
            "policy_arn": "arn:aws:iam::aws:policy/AmazonEKS_CNI_Policy",
            "role": "ev-dev-eks-aws-node@kube-system"
          },
          "sensitive_attributes": [],
          "private": "bnVsbA==",
          "dependencies": [
            "module.eks_cluster.aws_cloudwatch_log_group.default",
            "module.eks_cluster.aws_eks_cluster.default",
            "module.eks_cluster.aws_iam_policy.cluster_elb_service_role",
            "module.eks_cluster.aws_iam_role.default",
            "module.eks_cluster.aws_iam_role_policy_attachment.amazon_eks_cluster_policy",
            "module.eks_cluster.aws_iam_role_policy_attachment.amazon_eks_service_policy",
            "module.eks_cluster.aws_iam_role_policy_attachment.cluster_elb_service_role",
            "module.eks_cluster.aws_kms_alias.cluster",
            "module.eks_cluster.aws_kms_key.cluster",
            "module.eks_cluster.data.aws_iam_policy_document.assume_role",
            "module.eks_cluster.data.aws_iam_policy_document.cluster_elb_service_role",
            "module.eks_cluster.data.aws_partition.current",
            "module.subnets.aws_eip.default",
            "module.subnets.aws_eip_association.nat_instance",
            "module.subnets.aws_instance.nat_instance",
            "module.subnets.aws_nat_gateway.default",
            "module.subnets.aws_network_acl.private",
            "module.subnets.aws_network_acl.public",
            "module.subnets.aws_network_acl_rule.private4_egress",
            "module.subnets.aws_network_acl_rule.private4_ingress",
            "module.subnets.aws_network_acl_rule.private6_egress",
            "module.subnets.aws_network_acl_rule.private6_ingress",
            "module.subnets.aws_network_acl_rule.public4_egress",
            "module.subnets.aws_network_acl_rule.public4_ingress",
            "module.subnets.aws_network_acl_rule.public6_egress",
            "module.subnets.aws_network_acl_rule.public6_ingress",
            "module.subnets.aws_route.nat4",
            "module.subnets.aws_route.nat_instance",
            "module.subnets.aws_route.private6",
            "module.subnets.aws_route.private_nat64",
            "module.subnets.aws_route.public",
            "module.subnets.aws_route.public6",
            "module.subnets.aws_route.public_nat64",
            "module.subnets.aws_route_table.private",
            "module.subnets.aws_route_table.public",
            "module.subnets.aws_route_table_association.private",
            "module.subnets.aws_route_table_association.public",
            "module.subnets.aws_security_group.nat_instance",
            "module.subnets.aws_security_group_rule.nat_instance_egress",
            "module.subnets.aws_security_group_rule.nat_instance_ingress",
            "module.subnets.aws_subnet.private",
            "module.subnets.aws_subnet.public",
            "module.subnets.data.aws_ami.nat_instance",
            "module.subnets.data.aws_availability_zones.default",
            "module.subnets.data.aws_eip.nat",
            "module.subnets.data.aws_vpc.default",
            "module.subnets.module.utils.data.aws_iam_policy_document.by_account",
            "module.subnets.module.utils.data.aws_iam_policy_document.by_region",
            "module.subnets.module.utils.data.aws_regions.complete",
            "module.subnets.module.utils.data.aws_regions.default",
            "module.subnets.module.utils.data.aws_regions.not_opted_in",
            "module.subnets.module.utils.data.aws_regions.opted_in",
            "module.vpc.aws_internet_gateway.default",
            "module.vpc.aws_vpc.default",
            "module.vpc_cni_eks_iam_role.aws_iam_role.service_account",
            "module.vpc_cni_eks_iam_role.data.aws_caller_identity.current",
            "module.vpc_cni_eks_iam_role.data.aws_iam_policy_document.service_account_assume_role"
          ]
        }
      ]
    },
    {
      "module": "module.eks_cluster",
      "mode": "data",
      "type": "aws_iam_policy_document",
      "name": "assume_role",
      "provider": "provider[\"registry.terraform.io/hashicorp/aws\"]",
      "instances": [
        {
          "index_key": 0,
          "schema_version": 0,
          "attributes": {
            "id": "3552664922",
            "json": "{\n  \"Version\": \"2012-10-17\",\n  \"Statement\": [\n    {\n      \"Effect\": \"Allow\",\n      \"Action\": \"sts:AssumeRole\",\n      \"Principal\": {\n        \"Service\": \"eks.amazonaws.com\"\n      }\n    }\n  ]\n}",
            "minified_json": "{\"Version\":\"2012-10-17\",\"Statement\":[{\"Effect\":\"Allow\",\"Action\":\"sts:AssumeRole\",\"Principal\":{\"Service\":\"eks.amazonaws.com\"}}]}",
            "override_json": null,
            "override_policy_documents": null,
            "policy_id": null,
            "source_json": null,
            "source_policy_documents": null,
            "statement": [
              {
                "actions": [
                  "sts:AssumeRole"
                ],
                "condition": [],
                "effect": "Allow",
                "not_actions": [],
                "not_principals": [],
                "not_resources": [],
                "principals": [
                  {
                    "identifiers": [
                      "eks.amazonaws.com"
                    ],
                    "type": "Service"
                  }
                ],
                "resources": [],
                "sid": ""
              }
            ],
            "version": "2012-10-17"
          },
          "sensitive_attributes": []
        }
      ]
    },
    {
      "module": "module.eks_cluster",
      "mode": "data",
      "type": "aws_iam_policy_document",
      "name": "cluster_elb_service_role",
      "provider": "provider[\"registry.terraform.io/hashicorp/aws\"]",
      "instances": [
        {
          "index_key": 0,
          "schema_version": 0,
          "attributes": {
            "id": "3773311921",
            "json": "{\n  \"Version\": \"2012-10-17\",\n  \"Statement\": [\n    {\n      \"Sid\": \"AllowElasticLoadBalancer\",\n      \"Effect\": \"Allow\",\n      \"Action\": [\n        \"elasticloadbalancing:SetSubnets\",\n        \"elasticloadbalancing:SetIpAddressType\",\n        \"ec2:DescribeInternetGateways\",\n        \"ec2:DescribeAddresses\",\n        \"ec2:DescribeAccountAttributes\"\n      ],\n      \"Resource\": \"*\"\n    },\n    {\n      \"Sid\": \"DenyCreateLogGroup\",\n      \"Effect\": \"Deny\",\n      \"Action\": \"logs:CreateLogGroup\",\n      \"Resource\": \"*\"\n    }\n  ]\n}",
            "minified_json": "{\"Version\":\"2012-10-17\",\"Statement\":[{\"Sid\":\"AllowElasticLoadBalancer\",\"Effect\":\"Allow\",\"Action\":[\"elasticloadbalancing:SetSubnets\",\"elasticloadbalancing:SetIpAddressType\",\"ec2:DescribeInternetGateways\",\"ec2:DescribeAddresses\",\"ec2:DescribeAccountAttributes\"],\"Resource\":\"*\"},{\"Sid\":\"DenyCreateLogGroup\",\"Effect\":\"Deny\",\"Action\":\"logs:CreateLogGroup\",\"Resource\":\"*\"}]}",
            "override_json": null,
            "override_policy_documents": null,
            "policy_id": null,
            "source_json": null,
            "source_policy_documents": null,
            "statement": [
              {
                "actions": [
                  "ec2:DescribeAccountAttributes",
                  "ec2:DescribeAddresses",
                  "ec2:DescribeInternetGateways",
                  "elasticloadbalancing:SetIpAddressType",
                  "elasticloadbalancing:SetSubnets"
                ],
                "condition": [],
                "effect": "Allow",
                "not_actions": [],
                "not_principals": [],
                "not_resources": [],
                "principals": [],
                "resources": [
                  "*"
                ],
                "sid": "AllowElasticLoadBalancer"
              },
              {
                "actions": [
                  "logs:CreateLogGroup"
                ],
                "condition": [],
                "effect": "Deny",
                "not_actions": [],
                "not_principals": [],
                "not_resources": [],
                "principals": [],
                "resources": [
                  "*"
                ],
                "sid": "DenyCreateLogGroup"
              }
            ],
            "version": "2012-10-17"
          },
          "sensitive_attributes": []
        }
      ]
    },
    {
      "module": "module.eks_cluster",
      "mode": "data",
      "type": "aws_partition",
      "name": "current",
      "provider": "provider[\"registry.terraform.io/hashicorp/aws\"]",
      "instances": [
        {
          "index_key": 0,
          "schema_version": 0,
          "attributes": {
            "dns_suffix": "amazonaws.com",
            "id": "aws",
            "partition": "aws",
            "reverse_dns_prefix": "com.amazonaws"
          },
          "sensitive_attributes": []
        }
      ]
    },
    {
      "module": "module.eks_cluster",
      "mode": "data",
      "type": "tls_certificate",
      "name": "cluster",
      "provider": "provider[\"registry.terraform.io/hashicorp/tls\"]",
      "instances": [
        {
          "index_key": 0,
          "schema_version": 0,
          "attributes": {
            "certificates": [
              {
                "cert_pem": "-----BEGIN CERTIFICATE-----\nMIIEdTCCA12gAwIBAgIJAKcOSkw0grd/MA0GCSqGSIb3DQEBCwUAMGgxCzAJBgNV\nBAYTAlVTMSUwIwYDVQQKExxTdGFyZmllbGQgVGVjaG5vbG9naWVzLCBJbmMuMTIw\nMAYDVQQLEylTdGFyZmllbGQgQ2xhc3MgMiBDZXJ0aWZpY2F0aW9uIEF1dGhvcml0\neTAeFw0wOTA5MDIwMDAwMDBaFw0zNDA2MjgxNzM5MTZaMIGYMQswCQYDVQQGEwJV\nUzEQMA4GA1UECBMHQXJpem9uYTETMBEGA1UEBxMKU2NvdHRzZGFsZTElMCMGA1UE\nChMcU3RhcmZpZWxkIFRlY2hub2xvZ2llcywgSW5jLjE7MDkGA1UEAxMyU3RhcmZp\nZWxkIFNlcnZpY2VzIFJvb3QgQ2VydGlmaWNhdGUgQXV0aG9yaXR5IC0gRzIwggEi\nMA0GCSqGSIb3DQEBAQUAA4IBDwAwggEKAoIBAQDVDDrEKvlO4vW+GZdfjohTsR8/\ny8+fIBNtKTrID30892t2OGPZNmCom15cAICyL1l/9of5JUOG52kbUpqQ4XHj2C0N\nTm/2yEnZtvMaVq4rtnQU68/7JuMauh2WLmo7WJSJR1b/JaCTcFOD2oR0FMNnngRo\nOt+OQFodSk7PQ5E751bWAHDLUu57fa4657wx+UX2wmDPE1kCK4DMNEffud6QZW0C\nzyyRpqbn3oUYSXxmTqM6bam17jQuug0DuDPfR+uxa40l2ZvOgdFFRjKWcIfeAg5J\nQ4W2bHO7ZOphQazJ1FTfhy/HIrImzJ9ZVGif/L4qL8RVHHVAYBeFAlU5i38FAgMB\nAAGjgfAwge0wDwYDVR0TAQH/BAUwAwEB/zAOBgNVHQ8BAf8EBAMCAYYwHQYDVR0O\nBBYEFJxfAN+qAdcwKziIorhtSpzyEZGDMB8GA1UdIwQYMBaAFL9ft9HO3R+G9FtV\nrNzXEMIOqYjnME8GCCsGAQUFBwEBBEMwQTAcBggrBgEFBQcwAYYQaHR0cDovL28u\nc3MyLnVzLzAhBggrBgEFBQcwAoYVaHR0cDovL3guc3MyLnVzL3guY2VyMCYGA1Ud\nHwQfMB0wG6AZoBeGFWh0dHA6Ly9zLnNzMi51cy9yLmNybDARBgNVHSAECjAIMAYG\nBFUdIAAwDQYJKoZIhvcNAQELBQADggEBACMd44pXyn3pF3lM8R5V/cxTbj5HD9/G\nVfKyBDbtgB9TxF00KGu+x1X8Z+rLP3+QsjPNG1gQggL4+C/1E2DUBc7xgQjB3ad1\nl08YuW3e95ORCLp+QCztweq7dp4zBncdDQh/U90bZKuCJ/Fp1U1ervShw3WnWEQt\n8jxwmKy6abaVd38PMV4s/KCHOkdp8Hlf9BRUpJVeEXgSYCfOn8J3/yNTd126/+pZ\n59vPr5KW7ySaNRB6nJHGDn2Z9j8Z3/VyVOEVqQdZe4O/Ui5GjLIAZHYcSNPYeehu\nVsyuLAOQ1xk4meTKCRlb/weWsKh/NEnfVqn3sF/tM+2MR7cwA130A4w=\n-----END CERTIFICATE-----\n",
                "is_ca": true,
                "issuer": "OU=Starfield Class 2 Certification Authority,O=Starfield Technologies\\, Inc.,C=US",
                "not_after": "2034-06-28T17:39:16Z",
                "not_before": "2009-09-02T00:00:00Z",
                "public_key_algorithm": "RSA",
                "serial_number": "12037640545166866303",
                "sha1_fingerprint": "9e99a48a9960b14926bb7f3b02e22da2b0ab7280",
                "signature_algorithm": "SHA256-RSA",
                "subject": "CN=Starfield Services Root Certificate Authority - G2,O=Starfield Technologies\\, Inc.,L=Scottsdale,ST=Arizona,C=US",
                "version": 3
              },
              {
                "cert_pem": "-----BEGIN CERTIFICATE-----\nMIIEkjCCA3qgAwIBAgITBn+USionzfP6wq4rAfkI7rnExjANBgkqhkiG9w0BAQsF\nADCBmDELMAkGA1UEBhMCVVMxEDAOBgNVBAgTB0FyaXpvbmExEzARBgNVBAcTClNj\nb3R0c2RhbGUxJTAjBgNVBAoTHFN0YXJmaWVsZCBUZWNobm9sb2dpZXMsIEluYy4x\nOzA5BgNVBAMTMlN0YXJmaWVsZCBTZXJ2aWNlcyBSb290IENlcnRpZmljYXRlIEF1\ndGhvcml0eSAtIEcyMB4XDTE1MDUyNTEyMDAwMFoXDTM3MTIzMTAxMDAwMFowOTEL\nMAkGA1UEBhMCVVMxDzANBgNVBAoTBkFtYXpvbjEZMBcGA1UEAxMQQW1hem9uIFJv\nb3QgQ0EgMTCCASIwDQYJKoZIhvcNAQEBBQADggEPADCCAQoCggEBALJ4gHHKeNXj\nca9HgFB0fW7Y14h29Jlo91ghYPl0hAEvrAIthtOgQ3pOsqTQNroBvo3bSMgHFzZM\n9O6II8c+6zf1tRn4SWiw3te5djgdYZ6k/oI2peVKVuRF4fn9tBb6dNqcmzU5L/qw\nIFAGbHrQgLKm+a/sRxmPUDgH3KKHOVj4utWp+UhnMJbulHheb4mjUcAwhmahRWa6\nVOujw5H5SNz/0egwLX0tdHA114gk957EWW67c4cX8jJGKLhD+rcdqsq08p8kDi1L\n93FcXmn/6pUCyziKrlA4b9v7LWIbxcceVOF34GfID5yHI9Y/QCB/IIDEgEw+OyQm\njgSubJrIqg0CAwEAAaOCATEwggEtMA8GA1UdEwEB/wQFMAMBAf8wDgYDVR0PAQH/\nBAQDAgGGMB0GA1UdDgQWBBSEGMyFNOy8DJSULghZnMeyEE4KCDAfBgNVHSMEGDAW\ngBScXwDfqgHXMCs4iKK4bUqc8hGRgzB4BggrBgEFBQcBAQRsMGowLgYIKwYBBQUH\nMAGGImh0dHA6Ly9vY3NwLnJvb3RnMi5hbWF6b250cnVzdC5jb20wOAYIKwYBBQUH\nMAKGLGh0dHA6Ly9jcnQucm9vdGcyLmFtYXpvbnRydXN0LmNvbS9yb290ZzIuY2Vy\nMD0GA1UdHwQ2MDQwMqAwoC6GLGh0dHA6Ly9jcmwucm9vdGcyLmFtYXpvbnRydXN0\nLmNvbS9yb290ZzIuY3JsMBEGA1UdIAQKMAgwBgYEVR0gADANBgkqhkiG9w0BAQsF\nAAOCAQEAYjdCXLwQtT6LLOkMm2xF4gcAevnFWAu5CIw+7bMlPLVvUOTNNWqnkzSW\nMiGpSESrnO09tKpzbeR/FoCJbM8oAxiDR3mjEH4wW6w7sGDgd9QIpuEdfF7Au/ma\neyKdpwAJfqxGF4PcnCZXmTA5YpaP7dreqsXMGz7KQ2hsVxa81Q4gLv7/wmpdLqBK\nbRRYh5TmOTFffHPLkIhqhBGWJ6bt2YFGpn6jcgAKUj6DiAdjd4lpFw85hdKrCEVN\n0FE6/V1dN2RMfjCyVSRCnTawXZwXgWHxyvkQAiSr6w10kY17RSlQOYiypok1JR4U\nakcjMS9cmvqtmg5iUaQqqcT5NJ0hGA==\n-----END CERTIFICATE-----\n",
                "is_ca": true,
                "issuer": "CN=Starfield Services Root Certificate Authority - G2,O=Starfield Technologies\\, Inc.,L=Scottsdale,ST=Arizona,C=US",
                "not_after": "2037-12-31T01:00:00Z",
                "not_before": "2015-05-25T12:00:00Z",
                "public_key_algorithm": "RSA",
                "serial_number": "144918191876577076464031512351042010504348870",
                "sha1_fingerprint": "06b25927c42a721631c1efd9431e648fa62e1e39",
                "signature_algorithm": "SHA256-RSA",
                "subject": "CN=Amazon Root CA 1,O=Amazon,C=US",
                "version": 3
              },
              {
                "cert_pem": "-----BEGIN CERTIFICATE-----\nMIIEXjCCA0agAwIBAgITB3MSTNQG0mfAmRzdKZqfODF5hTANBgkqhkiG9w0BAQsF\nADA5MQswCQYDVQQGEwJVUzEPMA0GA1UEChMGQW1hem9uMRkwFwYDVQQDExBBbWF6\nb24gUm9vdCBDQSAxMB4XDTIyMDgyMzIyMjYwNFoXDTMwMDgyMzIyMjYwNFowPDEL\nMAkGA1UEBhMCVVMxDzANBgNVBAoTBkFtYXpvbjEcMBoGA1UEAxMTQW1hem9uIFJT\nQSAyMDQ4IE0wMzCCASIwDQYJKoZIhvcNAQEBBQADggEPADCCAQoCggEBALd/pVko\n8vuM475Tf45HV3BbCl/B9Jy89G1CRkFjcPY06WA9lS+7dWbUA7GtWUKoksr69hKM\nwcMsNpxlw7b3jeXFgxB09/nmalcAWtnLzF+LaDKEA5DQmvKzuh1nfIfqEiKCQSmX\nXh09Xs+dO7cm5qbaL2hhNJCSAejciwcvOFgFNgEMR42wm6KIFHsQW28jhA+1u/M0\np6fVwReuEgZfLfdx82Px0LJck3lST3EB/JfbdsdOzzzg5YkY1dfuqf8y5fUeZ7Cz\nWXbTjujwX/TovmeWKA36VLCz75azW6tDNuDn66FOpADZZ9omVaF6BqNJiLMVl6P3\n/c0OiUMC6Z5OfKcCAwEAAaOCAVowggFWMBIGA1UdEwEB/wQIMAYBAf8CAQAwDgYD\nVR0PAQH/BAQDAgGGMB0GA1UdJQQWMBQGCCsGAQUFBwMBBggrBgEFBQcDAjAdBgNV\nHQ4EFgQUVdkYX9IczAHhWLS+q9lVQgHXLgIwHwYDVR0jBBgwFoAUhBjMhTTsvAyU\nlC4IWZzHshBOCggwewYIKwYBBQUHAQEEbzBtMC8GCCsGAQUFBzABhiNodHRwOi8v\nb2NzcC5yb290Y2ExLmFtYXpvbnRydXN0LmNvbTA6BggrBgEFBQcwAoYuaHR0cDov\nL2NydC5yb290Y2ExLmFtYXpvbnRydXN0LmNvbS9yb290Y2ExLmNlcjA/BgNVHR8E\nODA2MDSgMqAwhi5odHRwOi8vY3JsLnJvb3RjYTEuYW1hem9udHJ1c3QuY29tL3Jv\nb3RjYTEuY3JsMBMGA1UdIAQMMAowCAYGZ4EMAQIBMA0GCSqGSIb3DQEBCwUAA4IB\nAQAGjeWm2cC+3z2MzSCnte46/7JZvj3iQZDY7EvODNdZF41n71Lrk9kbfNwerK0d\nVNzW36Wefr7j7ZSwBVg50W5ay65jNSN74TTQV1yt4WnSbVvN6KlMs1hiyOZdoHKs\nKDV2UGNxbdoBYCQNa2GYF8FQIWLugNp35aSOpMy6cFlymFQomIrnOQHwK1nvVY4q\nxDSJMU/gNJz17D8ArPN3ngnyZ2TwepJ0uBINz3G5te2rdFUF4i4Y3Bb7FUlHDYm4\nu8aIRGpk2ZpfXmxaoxnbIBZRvGLPSUuPwnwoUOMsJ8jirI5vs2dvchPb7MtI1rle\ni02f2ivH2vxkjDLltSpe2fiC\n-----END CERTIFICATE-----\n",
                "is_ca": true,
                "issuer": "CN=Amazon Root CA 1,O=Amazon,C=US",
                "not_after": "2030-08-23T22:26:04Z",
                "not_before": "2022-08-23T22:26:04Z",
                "public_key_algorithm": "RSA",
                "serial_number": "166129356476704345391986644047206454194698629",
                "sha1_fingerprint": "d9fe0a65fa00cabf61f5120d373a8135e1461f15",
                "signature_algorithm": "SHA256-RSA",
                "subject": "CN=Amazon RSA 2048 M03,O=Amazon,C=US",
                "version": 3
              },
              {
                "cert_pem": "-----BEGIN CERTIFICATE-----\nMIIF6TCCBNGgAwIBAgIQC1pmj3MJbfdZEwuZaK0yeDANBgkqhkiG9w0BAQsFADA8\nMQswCQYDVQQGEwJVUzEPMA0GA1UEChMGQW1hem9uMRwwGgYDVQQDExNBbWF6b24g\nUlNBIDIwNDggTTAzMB4XDTI0MDMyNzAwMDAwMFoXDTI1MDQyNTIzNTk1OVowKDEm\nMCQGA1UEAwwdKi5la3MudXMtZWFzdC0yLmFtYXpvbmF3cy5jb20wggEiMA0GCSqG\nSIb3DQEBAQUAA4IBDwAwggEKAoIBAQCyfP2lMr2GZr3NlTFQcpZ1LcOH8Zao627X\ntI4MO+P1IarmDJT7rne8+pjduGWhmddZmN8IcpiDCREoFvyf2jC5Lk0CwRnzLIhZ\nj6vd75gFCWJFzKnfz6F/xtUudATESARr/E8JlsScKY5eoqHPRPqMgzW6HFY46ONu\nBN8pk3iA6S8tN2LvF/aWUc8J546V1Zrruw2h3FvGAQtqDxBgcA/SwXjiIO6+4D8P\ntu0qdTlA7/AS8ph1tJDQ5Xv4wG0ZJ5uMm9S9pS/3SPWMEkTKNp+QpNMGYvX7sure\n0oqX+oJIDC9IbKIscrsmkAwqS7PWFWszpojo8Ur/62RmLQOiJ/PXAgMBAAGjggL5\nMIIC9TAfBgNVHSMEGDAWgBRV2Rhf0hzMAeFYtL6r2VVCAdcuAjAdBgNVHQ4EFgQU\npytkck5Jdaa1DjuIJMpyBxd3ztMwKAYDVR0RBCEwH4IdKi5la3MudXMtZWFzdC0y\nLmFtYXpvbmF3cy5jb20wEwYDVR0gBAwwCjAIBgZngQwBAgEwDgYDVR0PAQH/BAQD\nAgWgMB0GA1UdJQQWMBQGCCsGAQUFBwMBBggrBgEFBQcDAjA7BgNVHR8ENDAyMDCg\nLqAshipodHRwOi8vY3JsLnIybTAzLmFtYXpvbnRydXN0LmNvbS9yMm0wMy5jcmww\ndQYIKwYBBQUHAQEEaTBnMC0GCCsGAQUFBzABhiFodHRwOi8vb2NzcC5yMm0wMy5h\nbWF6b250cnVzdC5jb20wNgYIKwYBBQUHMAKGKmh0dHA6Ly9jcnQucjJtMDMuYW1h\nem9udHJ1c3QuY29tL3IybTAzLmNlcjAMBgNVHRMBAf8EAjAAMIIBgQYKKwYBBAHW\neQIEAgSCAXEEggFtAWsAdwBOdaMnXJoQwzhbbNTfP1LrHfDgjhuNacCx+mSxYpo5\n3wAAAY6B4toRAAAEAwBIMEYCIQCL2lZOGqo75PNnFiLldA7Gd39egtnXDTY+HHYO\n++O98gIhALSzX7cp+Y17fzfL5TAFWZm0+/7LFdyrQEEsgntEXCdTAHcAfVkeEuF4\nKnscYWd8Xv340IdcFKBOlZ65Ay/ZDowuebgAAAGOgeLZyAAABAMASDBGAiEA2EeA\nVUmkO2biyHSh0v+5Uo/NRG53wDwMKBRMLB+03oYCIQCBdgI4o8mFSYNASwhYKGWP\nIt5yi7Hmoi1pFefYiBmGbAB3AObSMWNAd4zBEEEG13G5zsHSQPaWhIb7uocyHf0e\nN45QAAABjoHi2dgAAAQDAEgwRgIhAK2MT0pX3Et7hx26gxiJwGj7u3v/9xMJHVhK\nC5fnxlfNAiEAizPUX2b3GrMeYnINHOy98KbPvkCzGHtN6qcdbf7w3T8wDQYJKoZI\nhvcNAQELBQADggEBAKknRf08AG7Hpn2h4HOyZPC0weNsrS/c8VIXRRSFth1nxQsZ\nyscbVOiJ6j7M6VvfjEmvsL7tvj3UlWmxJuadatX9HIX2KT2mq1fJxv/kX0laHtGl\nWbP3+CYHYCnZf8yPV7EaRJB2AtbGwV7rBd6mb9tDy2uAouTeANQi2XNVoCvGNkSQ\n/zIt0K+TA+efYW3wGhFuMHJOnwJ0a4mXwI7rHclijeztb680ga+F+Indpp5pMmsr\neNyO2TImDxtfDd/l8z2qNDzpyXIeSt2JgORnO5AjGC0EWD2p/hIsLCbG+QnB5IYo\nwHAg3LNrgxkdOWoY23z/WYylg4DdPzPT1SuHKYk=\n-----END CERTIFICATE-----\n",
                "is_ca": false,
                "issuer": "CN=Amazon RSA 2048 M03,O=Amazon,C=US",
                "not_after": "2025-04-25T23:59:59Z",
                "not_before": "2024-03-27T00:00:00Z",
                "public_key_algorithm": "RSA",
                "serial_number": "15090894841911196861235261040086561400",
                "sha1_fingerprint": "32f9e66ae934e90332545a9e7494591af3f34938",
                "signature_algorithm": "SHA256-RSA",
                "subject": "CN=*.eks.us-east-2.amazonaws.com",
                "version": 3
              }
            ],
            "content": null,
            "id": "41c9ad86376859231a2244535dff0f089ba892cb",
            "url": "https://oidc.eks.us-east-2.amazonaws.com/id/9835247FC62CC72EC692F547DED8F913",
            "verify_chain": true
          },
          "sensitive_attributes": []
        }
      ]
    },
    {
      "module": "module.eks_cluster",
      "mode": "managed",
      "type": "aws_cloudwatch_log_group",
      "name": "default",
      "provider": "provider[\"registry.terraform.io/hashicorp/aws\"]",
      "instances": [
        {
          "index_key": 0,
          "schema_version": 0,
          "attributes": {
            "arn": "arn:aws:logs:us-east-2:093304591402:log-group:/aws/eks/ev-dev-eks-cluster/cluster",
            "id": "/aws/eks/ev-dev-eks-cluster/cluster",
            "kms_key_id": "",
            "log_group_class": "STANDARD",
            "name": "/aws/eks/ev-dev-eks-cluster/cluster",
            "name_prefix": "",
            "retention_in_days": 7,
            "skip_destroy": false,
            "tags": {
              "Attributes": "cluster",
              "Name": "ev-dev-eks-cluster",
              "Namespace": "ev",
              "Stage": "dev"
            },
            "tags_all": {
              "Attributes": "cluster",
              "Name": "ev-dev-eks-cluster",
              "Namespace": "ev",
              "Stage": "dev"
            }
          },
          "sensitive_attributes": [],
          "private": "bnVsbA==",
          "create_before_destroy": true
        }
      ]
    },
    {
      "module": "module.eks_cluster",
      "mode": "managed",
      "type": "aws_eks_access_entry",
      "name": "map",
      "provider": "provider[\"registry.terraform.io/hashicorp/aws\"]",
      "instances": [
        {
          "index_key": "arn:aws:iam::093304591402:user/enriquemanuel",
          "schema_version": 0,
          "attributes": {
            "access_entry_arn": "arn:aws:eks:us-east-2:093304591402:access-entry/ev-dev-eks-cluster/user/093304591402/enriquemanuel/b8c80b6c-cf50-4057-312d-144f07be2e3e",
            "cluster_name": "ev-dev-eks-cluster",
            "created_at": "2024-06-14T13:04:39Z",
            "id": "ev-dev-eks-cluster:arn:aws:iam::093304591402:user/enriquemanuel",
            "kubernetes_groups": [],
            "modified_at": "2024-06-14T13:04:39Z",
            "principal_arn": "arn:aws:iam::093304591402:user/enriquemanuel",
            "tags": {
              "Name": "ev-dev-eks",
              "Namespace": "ev",
              "Stage": "dev"
            },
            "tags_all": {
              "Name": "ev-dev-eks",
              "Namespace": "ev",
              "Stage": "dev"
            },
            "timeouts": null,
            "type": "STANDARD",
            "user_name": "arn:aws:iam::093304591402:user/enriquemanuel"
          },
          "sensitive_attributes": [],
          "private": "eyJlMmJmYjczMC1lY2FhLTExZTYtOGY4OC0zNDM2M2JjN2M0YzAiOnsiY3JlYXRlIjo2MDAwMDAwMDAwMDAsImRlbGV0ZSI6NjAwMDAwMDAwMDAwfX0=",
          "dependencies": [
            "data.aws_caller_identity.current",
            "data.aws_iam_session_context.current",
            "module.eks_cluster.aws_cloudwatch_log_group.default",
            "module.eks_cluster.aws_eks_cluster.default",
            "module.eks_cluster.aws_iam_policy.cluster_elb_service_role",
            "module.eks_cluster.aws_iam_role.default",
            "module.eks_cluster.aws_iam_role_policy_attachment.amazon_eks_cluster_policy",
            "module.eks_cluster.aws_iam_role_policy_attachment.amazon_eks_service_policy",
            "module.eks_cluster.aws_iam_role_policy_attachment.cluster_elb_service_role",
            "module.eks_cluster.aws_kms_alias.cluster",
            "module.eks_cluster.aws_kms_key.cluster",
            "module.eks_cluster.data.aws_iam_policy_document.assume_role",
            "module.eks_cluster.data.aws_iam_policy_document.cluster_elb_service_role",
            "module.eks_cluster.data.aws_partition.current",
            "module.subnets.aws_eip.default",
            "module.subnets.aws_eip_association.nat_instance",
            "module.subnets.aws_instance.nat_instance",
            "module.subnets.aws_nat_gateway.default",
            "module.subnets.aws_network_acl.private",
            "module.subnets.aws_network_acl.public",
            "module.subnets.aws_network_acl_rule.private4_egress",
            "module.subnets.aws_network_acl_rule.private4_ingress",
            "module.subnets.aws_network_acl_rule.private6_egress",
            "module.subnets.aws_network_acl_rule.private6_ingress",
            "module.subnets.aws_network_acl_rule.public4_egress",
            "module.subnets.aws_network_acl_rule.public4_ingress",
            "module.subnets.aws_network_acl_rule.public6_egress",
            "module.subnets.aws_network_acl_rule.public6_ingress",
            "module.subnets.aws_route.nat4",
            "module.subnets.aws_route.nat_instance",
            "module.subnets.aws_route.private6",
            "module.subnets.aws_route.private_nat64",
            "module.subnets.aws_route.public",
            "module.subnets.aws_route.public6",
            "module.subnets.aws_route.public_nat64",
            "module.subnets.aws_route_table.private",
            "module.subnets.aws_route_table.public",
            "module.subnets.aws_route_table_association.private",
            "module.subnets.aws_route_table_association.public",
            "module.subnets.aws_security_group.nat_instance",
            "module.subnets.aws_security_group_rule.nat_instance_egress",
            "module.subnets.aws_security_group_rule.nat_instance_ingress",
            "module.subnets.aws_subnet.private",
            "module.subnets.aws_subnet.public",
            "module.subnets.data.aws_ami.nat_instance",
            "module.subnets.data.aws_availability_zones.default",
            "module.subnets.data.aws_eip.nat",
            "module.subnets.data.aws_vpc.default",
            "module.subnets.module.utils.data.aws_iam_policy_document.by_account",
            "module.subnets.module.utils.data.aws_iam_policy_document.by_region",
            "module.subnets.module.utils.data.aws_regions.complete",
            "module.subnets.module.utils.data.aws_regions.default",
            "module.subnets.module.utils.data.aws_regions.not_opted_in",
            "module.subnets.module.utils.data.aws_regions.opted_in",
            "module.vpc.aws_internet_gateway.default",
            "module.vpc.aws_vpc.default"
          ]
        }
      ]
    },
    {
      "module": "module.eks_cluster",
      "mode": "managed",
      "type": "aws_eks_access_policy_association",
      "name": "map",
      "provider": "provider[\"registry.terraform.io/hashicorp/aws\"]",
      "instances": [
        {
          "index_key": "arn:aws:iam::093304591402:user/enriquemanuel-arn:aws:eks::aws:cluster-access-policy/AmazonEKSClusterAdminPolicy",
          "schema_version": 0,
          "attributes": {
            "access_scope": [
              {
                "namespaces": [],
                "type": "cluster"
              }
            ],
            "associated_at": "2024-06-14 13:04:39.353 +0000 UTC",
            "cluster_name": "ev-dev-eks-cluster",
            "id": "ev-dev-eks-cluster#arn:aws:iam::093304591402:user/enriquemanuel#arn:aws:eks::aws:cluster-access-policy/AmazonEKSClusterAdminPolicy",
            "modified_at": "2024-06-14 13:04:39.353 +0000 UTC",
            "policy_arn": "arn:aws:eks::aws:cluster-access-policy/AmazonEKSClusterAdminPolicy",
            "principal_arn": "arn:aws:iam::093304591402:user/enriquemanuel",
            "timeouts": null
          },
          "sensitive_attributes": [],
          "private": "eyJlMmJmYjczMC1lY2FhLTExZTYtOGY4OC0zNDM2M2JjN2M0YzAiOnsiY3JlYXRlIjo2MDAwMDAwMDAwMDAsImRlbGV0ZSI6NjAwMDAwMDAwMDAwfX0=",
          "dependencies": [
            "data.aws_caller_identity.current",
            "data.aws_iam_session_context.current",
            "module.eks_cluster.aws_cloudwatch_log_group.default",
            "module.eks_cluster.aws_eks_cluster.default",
            "module.eks_cluster.aws_iam_policy.cluster_elb_service_role",
            "module.eks_cluster.aws_iam_role.default",
            "module.eks_cluster.aws_iam_role_policy_attachment.amazon_eks_cluster_policy",
            "module.eks_cluster.aws_iam_role_policy_attachment.amazon_eks_service_policy",
            "module.eks_cluster.aws_iam_role_policy_attachment.cluster_elb_service_role",
            "module.eks_cluster.aws_kms_alias.cluster",
            "module.eks_cluster.aws_kms_key.cluster",
            "module.eks_cluster.data.aws_iam_policy_document.assume_role",
            "module.eks_cluster.data.aws_iam_policy_document.cluster_elb_service_role",
            "module.eks_cluster.data.aws_partition.current",
            "module.subnets.aws_eip.default",
            "module.subnets.aws_eip_association.nat_instance",
            "module.subnets.aws_instance.nat_instance",
            "module.subnets.aws_nat_gateway.default",
            "module.subnets.aws_network_acl.private",
            "module.subnets.aws_network_acl.public",
            "module.subnets.aws_network_acl_rule.private4_egress",
            "module.subnets.aws_network_acl_rule.private4_ingress",
            "module.subnets.aws_network_acl_rule.private6_egress",
            "module.subnets.aws_network_acl_rule.private6_ingress",
            "module.subnets.aws_network_acl_rule.public4_egress",
            "module.subnets.aws_network_acl_rule.public4_ingress",
            "module.subnets.aws_network_acl_rule.public6_egress",
            "module.subnets.aws_network_acl_rule.public6_ingress",
            "module.subnets.aws_route.nat4",
            "module.subnets.aws_route.nat_instance",
            "module.subnets.aws_route.private6",
            "module.subnets.aws_route.private_nat64",
            "module.subnets.aws_route.public",
            "module.subnets.aws_route.public6",
            "module.subnets.aws_route.public_nat64",
            "module.subnets.aws_route_table.private",
            "module.subnets.aws_route_table.public",
            "module.subnets.aws_route_table_association.private",
            "module.subnets.aws_route_table_association.public",
            "module.subnets.aws_security_group.nat_instance",
            "module.subnets.aws_security_group_rule.nat_instance_egress",
            "module.subnets.aws_security_group_rule.nat_instance_ingress",
            "module.subnets.aws_subnet.private",
            "module.subnets.aws_subnet.public",
            "module.subnets.data.aws_ami.nat_instance",
            "module.subnets.data.aws_availability_zones.default",
            "module.subnets.data.aws_eip.nat",
            "module.subnets.data.aws_vpc.default",
            "module.subnets.module.utils.data.aws_iam_policy_document.by_account",
            "module.subnets.module.utils.data.aws_iam_policy_document.by_region",
            "module.subnets.module.utils.data.aws_regions.complete",
            "module.subnets.module.utils.data.aws_regions.default",
            "module.subnets.module.utils.data.aws_regions.not_opted_in",
            "module.subnets.module.utils.data.aws_regions.opted_in",
            "module.vpc.aws_internet_gateway.default",
            "module.vpc.aws_vpc.default"
          ]
        }
      ]
    },
    {
      "module": "module.eks_cluster",
      "mode": "managed",
      "type": "aws_eks_addon",
      "name": "cluster",
      "provider": "provider[\"registry.terraform.io/hashicorp/aws\"]",
      "instances": [
        {
          "index_key": "coredns",
          "schema_version": 0,
          "attributes": {
            "addon_name": "coredns",
            "addon_version": "v1.11.1-eksbuild.8",
            "arn": "arn:aws:eks:us-east-2:093304591402:addon/ev-dev-eks-cluster/coredns/62c80b6f-1b2c-1b9f-276d-90338ddda028",
            "cluster_name": "ev-dev-eks-cluster",
            "configuration_values": "",
            "created_at": "2024-06-14T13:09:40Z",
            "id": "ev-dev-eks-cluster:coredns",
            "modified_at": "2024-06-14T13:09:54Z",
            "preserve": null,
            "resolve_conflicts": null,
            "resolve_conflicts_on_create": null,
            "resolve_conflicts_on_update": null,
            "service_account_role_arn": "",
            "tags": {
              "Attributes": "cluster",
              "Name": "ev-dev-eks-cluster",
              "Namespace": "ev",
              "Stage": "dev"
            },
            "tags_all": {
              "Attributes": "cluster",
              "Name": "ev-dev-eks-cluster",
              "Namespace": "ev",
              "Stage": "dev"
            },
            "timeouts": {
              "create": null,
              "delete": null,
              "update": null
            }
          },
          "sensitive_attributes": [],
          "private": "eyJlMmJmYjczMC1lY2FhLTExZTYtOGY4OC0zNDM2M2JjN2M0YzAiOnsiY3JlYXRlIjoxMjAwMDAwMDAwMDAwLCJkZWxldGUiOjI0MDAwMDAwMDAwMDAsInVwZGF0ZSI6MTIwMDAwMDAwMDAwMH19",
          "dependencies": [
            "data.aws_iam_policy_document.vpc_cni_ipv6",
            "module.eks_cluster.aws_cloudwatch_log_group.default",
            "module.eks_cluster.aws_eks_cluster.default",
            "module.eks_cluster.aws_iam_openid_connect_provider.default",
            "module.eks_cluster.aws_iam_policy.cluster_elb_service_role",
            "module.eks_cluster.aws_iam_role.default",
            "module.eks_cluster.aws_iam_role_policy_attachment.amazon_eks_cluster_policy",
            "module.eks_cluster.aws_iam_role_policy_attachment.amazon_eks_service_policy",
            "module.eks_cluster.aws_iam_role_policy_attachment.cluster_elb_service_role",
            "module.eks_cluster.aws_kms_alias.cluster",
            "module.eks_cluster.aws_kms_key.cluster",
            "module.eks_cluster.data.aws_iam_policy_document.assume_role",
            "module.eks_cluster.data.aws_iam_policy_document.cluster_elb_service_role",
            "module.eks_cluster.data.aws_partition.current",
            "module.eks_cluster.data.tls_certificate.cluster",
            "module.eks_node_group.aws_eks_node_group.cbd",
            "module.eks_node_group.aws_eks_node_group.default",
            "module.eks_node_group.aws_iam_policy.ipv6_eks_cni_policy",
            "module.eks_node_group.aws_iam_role.default",
            "module.eks_node_group.aws_iam_role_policy_attachment.amazon_ec2_container_registry_read_only",
            "module.eks_node_group.aws_iam_role_policy_attachment.amazon_eks_worker_node_policy",
            "module.eks_node_group.aws_iam_role_policy_attachment.existing_policies_for_eks_workers_role",
            "module.eks_node_group.aws_iam_role_policy_attachment.ipv6_eks_cni_policy",
            "module.eks_node_group.aws_launch_template.default",
            "module.eks_node_group.data.aws_ami.selected",
            "module.eks_node_group.data.aws_eks_cluster.this",
            "module.eks_node_group.data.aws_iam_policy_document.assume_role",
            "module.eks_node_group.data.aws_iam_policy_document.ipv6_eks_cni_policy",
            "module.eks_node_group.data.aws_launch_template.this",
            "module.eks_node_group.data.aws_partition.current",
            "module.eks_node_group.module.ssh_access.aws_security_group.cbd",
            "module.eks_node_group.module.ssh_access.aws_security_group.default",
            "module.eks_node_group.module.ssh_access.aws_security_group_rule.dbc",
            "module.eks_node_group.module.ssh_access.aws_security_group_rule.keyed",
            "module.eks_node_group.module.ssh_access.null_resource.sync_rules_and_sg_lifecycles",
            "module.eks_node_group.module.ssh_access.random_id.rule_change_forces_new_security_group",
            "module.eks_node_group.random_pet.cbd",
            "module.subnets.aws_eip.default",
            "module.subnets.aws_eip_association.nat_instance",
            "module.subnets.aws_instance.nat_instance",
            "module.subnets.aws_nat_gateway.default",
            "module.subnets.aws_network_acl.private",
            "module.subnets.aws_network_acl.public",
            "module.subnets.aws_network_acl_rule.private4_egress",
            "module.subnets.aws_network_acl_rule.private4_ingress",
            "module.subnets.aws_network_acl_rule.private6_egress",
            "module.subnets.aws_network_acl_rule.private6_ingress",
            "module.subnets.aws_network_acl_rule.public4_egress",
            "module.subnets.aws_network_acl_rule.public4_ingress",
            "module.subnets.aws_network_acl_rule.public6_egress",
            "module.subnets.aws_network_acl_rule.public6_ingress",
            "module.subnets.aws_route.nat4",
            "module.subnets.aws_route.nat_instance",
            "module.subnets.aws_route.private6",
            "module.subnets.aws_route.private_nat64",
            "module.subnets.aws_route.public",
            "module.subnets.aws_route.public6",
            "module.subnets.aws_route.public_nat64",
            "module.subnets.aws_route_table.private",
            "module.subnets.aws_route_table.public",
            "module.subnets.aws_route_table_association.private",
            "module.subnets.aws_route_table_association.public",
            "module.subnets.aws_security_group.nat_instance",
            "module.subnets.aws_security_group_rule.nat_instance_egress",
            "module.subnets.aws_security_group_rule.nat_instance_ingress",
            "module.subnets.aws_subnet.private",
            "module.subnets.aws_subnet.public",
            "module.subnets.data.aws_ami.nat_instance",
            "module.subnets.data.aws_availability_zones.default",
            "module.subnets.data.aws_eip.nat",
            "module.subnets.data.aws_vpc.default",
            "module.subnets.module.utils.data.aws_iam_policy_document.by_account",
            "module.subnets.module.utils.data.aws_iam_policy_document.by_region",
            "module.subnets.module.utils.data.aws_regions.complete",
            "module.subnets.module.utils.data.aws_regions.default",
            "module.subnets.module.utils.data.aws_regions.not_opted_in",
            "module.subnets.module.utils.data.aws_regions.opted_in",
            "module.vpc.aws_internet_gateway.default",
            "module.vpc.aws_vpc.default",
            "module.vpc_cni_eks_iam_role.aws_iam_policy.service_account",
            "module.vpc_cni_eks_iam_role.aws_iam_role.service_account",
            "module.vpc_cni_eks_iam_role.aws_iam_role_policy_attachment.service_account",
            "module.vpc_cni_eks_iam_role.data.aws_caller_identity.current",
            "module.vpc_cni_eks_iam_role.data.aws_iam_policy_document.service_account_assume_role"
          ]
        },
        {
          "index_key": "kube-proxy",
          "schema_version": 0,
          "attributes": {
            "addon_name": "kube-proxy",
            "addon_version": "v1.30.0-eksbuild.3",
            "arn": "arn:aws:eks:us-east-2:093304591402:addon/ev-dev-eks-cluster/kube-proxy/02c80b6f-1b2a-2f81-5692-1cd1811f7d6a",
            "cluster_name": "ev-dev-eks-cluster",
            "configuration_values": "",
            "created_at": "2024-06-14T13:09:40Z",
            "id": "ev-dev-eks-cluster:kube-proxy",
            "modified_at": "2024-06-14T13:09:47Z",
            "preserve": null,
            "resolve_conflicts": null,
            "resolve_conflicts_on_create": "OVERWRITE",
            "resolve_conflicts_on_update": "PRESERVE",
            "service_account_role_arn": "",
            "tags": {
              "Attributes": "cluster",
              "Name": "ev-dev-eks-cluster",
              "Namespace": "ev",
              "Stage": "dev"
            },
            "tags_all": {
              "Attributes": "cluster",
              "Name": "ev-dev-eks-cluster",
              "Namespace": "ev",
              "Stage": "dev"
            },
            "timeouts": {
              "create": null,
              "delete": null,
              "update": null
            }
          },
          "sensitive_attributes": [],
          "private": "eyJlMmJmYjczMC1lY2FhLTExZTYtOGY4OC0zNDM2M2JjN2M0YzAiOnsiY3JlYXRlIjoxMjAwMDAwMDAwMDAwLCJkZWxldGUiOjI0MDAwMDAwMDAwMDAsInVwZGF0ZSI6MTIwMDAwMDAwMDAwMH19",
          "dependencies": [
            "data.aws_iam_policy_document.vpc_cni_ipv6",
            "module.eks_cluster.aws_cloudwatch_log_group.default",
            "module.eks_cluster.aws_eks_cluster.default",
            "module.eks_cluster.aws_iam_openid_connect_provider.default",
            "module.eks_cluster.aws_iam_policy.cluster_elb_service_role",
            "module.eks_cluster.aws_iam_role.default",
            "module.eks_cluster.aws_iam_role_policy_attachment.amazon_eks_cluster_policy",
            "module.eks_cluster.aws_iam_role_policy_attachment.amazon_eks_service_policy",
            "module.eks_cluster.aws_iam_role_policy_attachment.cluster_elb_service_role",
            "module.eks_cluster.aws_kms_alias.cluster",
            "module.eks_cluster.aws_kms_key.cluster",
            "module.eks_cluster.data.aws_iam_policy_document.assume_role",
            "module.eks_cluster.data.aws_iam_policy_document.cluster_elb_service_role",
            "module.eks_cluster.data.aws_partition.current",
            "module.eks_cluster.data.tls_certificate.cluster",
            "module.eks_node_group.aws_eks_node_group.cbd",
            "module.eks_node_group.aws_eks_node_group.default",
            "module.eks_node_group.aws_iam_policy.ipv6_eks_cni_policy",
            "module.eks_node_group.aws_iam_role.default",
            "module.eks_node_group.aws_iam_role_policy_attachment.amazon_ec2_container_registry_read_only",
            "module.eks_node_group.aws_iam_role_policy_attachment.amazon_eks_worker_node_policy",
            "module.eks_node_group.aws_iam_role_policy_attachment.existing_policies_for_eks_workers_role",
            "module.eks_node_group.aws_iam_role_policy_attachment.ipv6_eks_cni_policy",
            "module.eks_node_group.aws_launch_template.default",
            "module.eks_node_group.data.aws_ami.selected",
            "module.eks_node_group.data.aws_eks_cluster.this",
            "module.eks_node_group.data.aws_iam_policy_document.assume_role",
            "module.eks_node_group.data.aws_iam_policy_document.ipv6_eks_cni_policy",
            "module.eks_node_group.data.aws_launch_template.this",
            "module.eks_node_group.data.aws_partition.current",
            "module.eks_node_group.module.ssh_access.aws_security_group.cbd",
            "module.eks_node_group.module.ssh_access.aws_security_group.default",
            "module.eks_node_group.module.ssh_access.aws_security_group_rule.dbc",
            "module.eks_node_group.module.ssh_access.aws_security_group_rule.keyed",
            "module.eks_node_group.module.ssh_access.null_resource.sync_rules_and_sg_lifecycles",
            "module.eks_node_group.module.ssh_access.random_id.rule_change_forces_new_security_group",
            "module.eks_node_group.random_pet.cbd",
            "module.subnets.aws_eip.default",
            "module.subnets.aws_eip_association.nat_instance",
            "module.subnets.aws_instance.nat_instance",
            "module.subnets.aws_nat_gateway.default",
            "module.subnets.aws_network_acl.private",
            "module.subnets.aws_network_acl.public",
            "module.subnets.aws_network_acl_rule.private4_egress",
            "module.subnets.aws_network_acl_rule.private4_ingress",
            "module.subnets.aws_network_acl_rule.private6_egress",
            "module.subnets.aws_network_acl_rule.private6_ingress",
            "module.subnets.aws_network_acl_rule.public4_egress",
            "module.subnets.aws_network_acl_rule.public4_ingress",
            "module.subnets.aws_network_acl_rule.public6_egress",
            "module.subnets.aws_network_acl_rule.public6_ingress",
            "module.subnets.aws_route.nat4",
            "module.subnets.aws_route.nat_instance",
            "module.subnets.aws_route.private6",
            "module.subnets.aws_route.private_nat64",
            "module.subnets.aws_route.public",
            "module.subnets.aws_route.public6",
            "module.subnets.aws_route.public_nat64",
            "module.subnets.aws_route_table.private",
            "module.subnets.aws_route_table.public",
            "module.subnets.aws_route_table_association.private",
            "module.subnets.aws_route_table_association.public",
            "module.subnets.aws_security_group.nat_instance",
            "module.subnets.aws_security_group_rule.nat_instance_egress",
            "module.subnets.aws_security_group_rule.nat_instance_ingress",
            "module.subnets.aws_subnet.private",
            "module.subnets.aws_subnet.public",
            "module.subnets.data.aws_ami.nat_instance",
            "module.subnets.data.aws_availability_zones.default",
            "module.subnets.data.aws_eip.nat",
            "module.subnets.data.aws_vpc.default",
            "module.subnets.module.utils.data.aws_iam_policy_document.by_account",
            "module.subnets.module.utils.data.aws_iam_policy_document.by_region",
            "module.subnets.module.utils.data.aws_regions.complete",
            "module.subnets.module.utils.data.aws_regions.default",
            "module.subnets.module.utils.data.aws_regions.not_opted_in",
            "module.subnets.module.utils.data.aws_regions.opted_in",
            "module.vpc.aws_internet_gateway.default",
            "module.vpc.aws_vpc.default",
            "module.vpc_cni_eks_iam_role.aws_iam_policy.service_account",
            "module.vpc_cni_eks_iam_role.aws_iam_role.service_account",
            "module.vpc_cni_eks_iam_role.aws_iam_role_policy_attachment.service_account",
            "module.vpc_cni_eks_iam_role.data.aws_caller_identity.current",
            "module.vpc_cni_eks_iam_role.data.aws_iam_policy_document.service_account_assume_role"
          ]
        },
        {
          "index_key": "vpc-cni",
          "schema_version": 0,
          "attributes": {
            "addon_name": "vpc-cni",
            "addon_version": "v1.18.1-eksbuild.3",
            "arn": "arn:aws:eks:us-east-2:093304591402:addon/ev-dev-eks-cluster/vpc-cni/9ec80b6f-1b2c-07c1-5614-16b5e8eb976f",
            "cluster_name": "ev-dev-eks-cluster",
            "configuration_values": "",
            "created_at": "2024-06-14T13:09:40Z",
            "id": "ev-dev-eks-cluster:vpc-cni",
            "modified_at": "2024-06-14T13:10:21Z",
            "preserve": null,
            "resolve_conflicts": null,
            "resolve_conflicts_on_create": null,
            "resolve_conflicts_on_update": null,
            "service_account_role_arn": "arn:aws:iam::093304591402:role/ev-dev-eks-aws-node@kube-system",
            "tags": {
              "Attributes": "cluster",
              "Name": "ev-dev-eks-cluster",
              "Namespace": "ev",
              "Stage": "dev"
            },
            "tags_all": {
              "Attributes": "cluster",
              "Name": "ev-dev-eks-cluster",
              "Namespace": "ev",
              "Stage": "dev"
            },
            "timeouts": {
              "create": null,
              "delete": null,
              "update": null
            }
          },
          "sensitive_attributes": [],
          "private": "eyJlMmJmYjczMC1lY2FhLTExZTYtOGY4OC0zNDM2M2JjN2M0YzAiOnsiY3JlYXRlIjoxMjAwMDAwMDAwMDAwLCJkZWxldGUiOjI0MDAwMDAwMDAwMDAsInVwZGF0ZSI6MTIwMDAwMDAwMDAwMH19",
          "dependencies": [
            "data.aws_iam_policy_document.vpc_cni_ipv6",
            "module.eks_cluster.aws_cloudwatch_log_group.default",
            "module.eks_cluster.aws_eks_cluster.default",
            "module.eks_cluster.aws_iam_openid_connect_provider.default",
            "module.eks_cluster.aws_iam_policy.cluster_elb_service_role",
            "module.eks_cluster.aws_iam_role.default",
            "module.eks_cluster.aws_iam_role_policy_attachment.amazon_eks_cluster_policy",
            "module.eks_cluster.aws_iam_role_policy_attachment.amazon_eks_service_policy",
            "module.eks_cluster.aws_iam_role_policy_attachment.cluster_elb_service_role",
            "module.eks_cluster.aws_kms_alias.cluster",
            "module.eks_cluster.aws_kms_key.cluster",
            "module.eks_cluster.data.aws_iam_policy_document.assume_role",
            "module.eks_cluster.data.aws_iam_policy_document.cluster_elb_service_role",
            "module.eks_cluster.data.aws_partition.current",
            "module.eks_cluster.data.tls_certificate.cluster",
            "module.eks_node_group.aws_eks_node_group.cbd",
            "module.eks_node_group.aws_eks_node_group.default",
            "module.eks_node_group.aws_iam_policy.ipv6_eks_cni_policy",
            "module.eks_node_group.aws_iam_role.default",
            "module.eks_node_group.aws_iam_role_policy_attachment.amazon_ec2_container_registry_read_only",
            "module.eks_node_group.aws_iam_role_policy_attachment.amazon_eks_worker_node_policy",
            "module.eks_node_group.aws_iam_role_policy_attachment.existing_policies_for_eks_workers_role",
            "module.eks_node_group.aws_iam_role_policy_attachment.ipv6_eks_cni_policy",
            "module.eks_node_group.aws_launch_template.default",
            "module.eks_node_group.data.aws_ami.selected",
            "module.eks_node_group.data.aws_eks_cluster.this",
            "module.eks_node_group.data.aws_iam_policy_document.assume_role",
            "module.eks_node_group.data.aws_iam_policy_document.ipv6_eks_cni_policy",
            "module.eks_node_group.data.aws_launch_template.this",
            "module.eks_node_group.data.aws_partition.current",
            "module.eks_node_group.module.ssh_access.aws_security_group.cbd",
            "module.eks_node_group.module.ssh_access.aws_security_group.default",
            "module.eks_node_group.module.ssh_access.aws_security_group_rule.dbc",
            "module.eks_node_group.module.ssh_access.aws_security_group_rule.keyed",
            "module.eks_node_group.module.ssh_access.null_resource.sync_rules_and_sg_lifecycles",
            "module.eks_node_group.module.ssh_access.random_id.rule_change_forces_new_security_group",
            "module.eks_node_group.random_pet.cbd",
            "module.subnets.aws_eip.default",
            "module.subnets.aws_eip_association.nat_instance",
            "module.subnets.aws_instance.nat_instance",
            "module.subnets.aws_nat_gateway.default",
            "module.subnets.aws_network_acl.private",
            "module.subnets.aws_network_acl.public",
            "module.subnets.aws_network_acl_rule.private4_egress",
            "module.subnets.aws_network_acl_rule.private4_ingress",
            "module.subnets.aws_network_acl_rule.private6_egress",
            "module.subnets.aws_network_acl_rule.private6_ingress",
            "module.subnets.aws_network_acl_rule.public4_egress",
            "module.subnets.aws_network_acl_rule.public4_ingress",
            "module.subnets.aws_network_acl_rule.public6_egress",
            "module.subnets.aws_network_acl_rule.public6_ingress",
            "module.subnets.aws_route.nat4",
            "module.subnets.aws_route.nat_instance",
            "module.subnets.aws_route.private6",
            "module.subnets.aws_route.private_nat64",
            "module.subnets.aws_route.public",
            "module.subnets.aws_route.public6",
            "module.subnets.aws_route.public_nat64",
            "module.subnets.aws_route_table.private",
            "module.subnets.aws_route_table.public",
            "module.subnets.aws_route_table_association.private",
            "module.subnets.aws_route_table_association.public",
            "module.subnets.aws_security_group.nat_instance",
            "module.subnets.aws_security_group_rule.nat_instance_egress",
            "module.subnets.aws_security_group_rule.nat_instance_ingress",
            "module.subnets.aws_subnet.private",
            "module.subnets.aws_subnet.public",
            "module.subnets.data.aws_ami.nat_instance",
            "module.subnets.data.aws_availability_zones.default",
            "module.subnets.data.aws_eip.nat",
            "module.subnets.data.aws_vpc.default",
            "module.subnets.module.utils.data.aws_iam_policy_document.by_account",
            "module.subnets.module.utils.data.aws_iam_policy_document.by_region",
            "module.subnets.module.utils.data.aws_regions.complete",
            "module.subnets.module.utils.data.aws_regions.default",
            "module.subnets.module.utils.data.aws_regions.not_opted_in",
            "module.subnets.module.utils.data.aws_regions.opted_in",
            "module.vpc.aws_internet_gateway.default",
            "module.vpc.aws_vpc.default",
            "module.vpc_cni_eks_iam_role.aws_iam_policy.service_account",
            "module.vpc_cni_eks_iam_role.aws_iam_role.service_account",
            "module.vpc_cni_eks_iam_role.aws_iam_role_policy_attachment.service_account",
            "module.vpc_cni_eks_iam_role.data.aws_caller_identity.current",
            "module.vpc_cni_eks_iam_role.data.aws_iam_policy_document.service_account_assume_role"
          ]
        }
      ]
    },
    {
      "module": "module.eks_cluster",
      "mode": "managed",
      "type": "aws_eks_cluster",
      "name": "default",
      "provider": "provider[\"registry.terraform.io/hashicorp/aws\"]",
      "instances": [
        {
          "index_key": 0,
          "schema_version": 0,
          "attributes": {
            "access_config": [
              {
                "authentication_mode": "API",
                "bootstrap_cluster_creator_admin_permissions": false
              }
            ],
            "arn": "arn:aws:eks:us-east-2:093304591402:cluster/ev-dev-eks-cluster",
            "certificate_authority": [
              {
                "data": "LS0tLS1CRUdJTiBDRVJUSUZJQ0FURS0tLS0tCk1JSURCVENDQWUyZ0F3SUJBZ0lJTDRHdG1CNUI0dkF3RFFZSktvWklodmNOQVFFTEJRQXdGVEVUTUJFR0ExVUUKQXhNS2EzVmlaWEp1WlhSbGN6QWVGdzB5TkRBMk1UUXhNalUwTVRWYUZ3MHpOREEyTVRJeE1qVTVNVFZhTUJVeApFekFSQmdOVkJBTVRDbXQxWW1WeWJtVjBaWE13Z2dFaU1BMEdDU3FHU0liM0RRRUJBUVVBQTRJQkR3QXdnZ0VLCkFvSUJBUURHQmQ4TDhiT1pvV2JEMWlNWnV5VUEvQjhqRVZoT2ltTmExT0p6eTZ6dlVVOE1KenlVRTNaQVFuRG8Kem9KNWhhQ0h0UUJNOWtiVkpYSGh0MzlPMzJpOHFZeTcydkdqZ08zS2tCL1hqaEVNY29sRENHQUttaTkyaUJ6dgpWWDJNUDFKcThjelVyTmpNT3Q0Qis4WURQVGdmL0V3RDVEczNjRGlnVXAydWEvM0hMeVRoY2JWbCtGUmNnYXB6CkNhelVxOC9sdEI5MlVFVytXeUVFcmM5ZXptTkhVZ3ZNUmtuWnBpSitqci9SWlVOK0JycFBhSEFwdUtreVdGSEkKQkYwMVI1Q2dSeGZjOXdrVHRURlpoVHpGSzQ4MitadUFzYytDUExPWWRsaXR4ZFlEL1dtZFdwUmp1TzlESTc1QQpOak9JcUJ2TlBlVk50RHlycTd5MmZ0SHpaMTVyQWdNQkFBR2pXVEJYTUE0R0ExVWREd0VCL3dRRUF3SUNwREFQCkJnTlZIUk1CQWY4RUJUQURBUUgvTUIwR0ExVWREZ1FXQkJSVGpNM0V2SGZRak9Kb2YxejRXMXNFbFdRaU1EQVYKQmdOVkhSRUVEakFNZ2dwcmRXSmxjbTVsZEdWek1BMEdDU3FHU0liM0RRRUJDd1VBQTRJQkFRQVpVUE0yTHJUZQoxZHZnZ1FiRG90MTFjYkVhWWxzVVlBLytSWGw5R0tiWXloeXN2QjdCbFBLK1RRc3VRaW9CZmwyTUpqdjMrV2c0CjMrc3o4S2R6Z09ZaWFSTVJNR1JJSDByaDMvZCtpV2QzMXpmKy9ZM2JnekxWL0RYeUNxKyt1VGlaWlR6UWNhejIKQ0p3cG5SeXJoYmVzVUp3RWF5MldsUVkvaE9nSDVPSXQ4NS9EOEhsOWM4aUpwcmhiazZJQnFGa29ZVnp3ZFFMOApHWW9oY0pnR3dDWFBTdzhieVlLSWNydnBxZnZ0Y3RxN0ZMWkRIUGgxU3ZBelBBSjd6cy96RzBlc1RRbWZMWDZJCjBucmdkWkY2ZnB6R1lyV2VTVlNXTmF5ZDVweGJ6SWdKYUJOWjJlV29sQWpjQ1BwRjdOekV0WTU0Ky8yS1JhUCsKY0RKQmtHekhPbkZJCi0tLS0tRU5EIENFUlRJRklDQVRFLS0tLS0K"
              }
            ],
            "cluster_id": null,
            "created_at": "2024-06-14 12:54:25.176 +0000 UTC",
            "enabled_cluster_log_types": [
              "audit"
            ],
            "encryption_config": [
              {
                "provider": [
                  {
                    "key_arn": "arn:aws:kms:us-east-2:093304591402:key/9c0d1940-b419-40c1-9237-29a4ce45e604"
                  }
                ],
                "resources": [
                  "secrets"
                ]
              }
            ],
            "endpoint": "https://9835247FC62CC72EC692F547DED8F913.gr7.us-east-2.eks.amazonaws.com",
            "id": "ev-dev-eks-cluster",
            "identity": [
              {
                "oidc": [
                  {
                    "issuer": "https://oidc.eks.us-east-2.amazonaws.com/id/9835247FC62CC72EC692F547DED8F913"
                  }
                ]
              }
            ],
            "kubernetes_network_config": [
              {
                "ip_family": "ipv4",
                "service_ipv4_cidr": "10.100.0.0/16",
                "service_ipv6_cidr": ""
              }
            ],
            "name": "ev-dev-eks-cluster",
            "outpost_config": [],
            "platform_version": "eks.3",
            "role_arn": "arn:aws:iam::093304591402:role/ev-dev-eks-cluster",
            "status": "ACTIVE",
            "tags": {
              "Attributes": "cluster",
              "Name": "ev-dev-eks-cluster",
              "Namespace": "ev",
              "Stage": "dev"
            },
            "tags_all": {
              "Attributes": "cluster",
              "Name": "ev-dev-eks-cluster",
              "Namespace": "ev",
              "Stage": "dev"
            },
            "timeouts": null,
            "version": "1.30",
            "vpc_config": [
              {
                "cluster_security_group_id": "sg-05b0fc7606bb968e6",
                "endpoint_private_access": true,
                "endpoint_public_access": true,
                "public_access_cidrs": [
                  "0.0.0.0/0"
                ],
                "security_group_ids": [],
                "subnet_ids": [
                  "subnet-00d05d8b1c03face7",
                  "subnet-017a41bd61f22a9e1",
                  "subnet-09ea19677ae4a46ca",
                  "subnet-0dc2bf8c3d528dfda"
                ],
                "vpc_id": "vpc-0eb41118d1855cfc8"
              }
            ]
          },
          "sensitive_attributes": [],
          "private": "eyJlMmJmYjczMC1lY2FhLTExZTYtOGY4OC0zNDM2M2JjN2M0YzAiOnsiY3JlYXRlIjoxODAwMDAwMDAwMDAwLCJkZWxldGUiOjkwMDAwMDAwMDAwMCwidXBkYXRlIjozNjAwMDAwMDAwMDAwfX0=",
          "dependencies": [
            "module.eks_cluster.aws_cloudwatch_log_group.default",
            "module.eks_cluster.aws_iam_role.default",
            "module.eks_cluster.aws_iam_role_policy_attachment.amazon_eks_cluster_policy",
            "module.eks_cluster.aws_iam_role_policy_attachment.amazon_eks_service_policy",
            "module.eks_cluster.aws_iam_role_policy_attachment.cluster_elb_service_role",
            "module.eks_cluster.aws_kms_alias.cluster",
            "module.eks_cluster.aws_kms_key.cluster",
            "module.subnets.aws_eip.default",
            "module.subnets.aws_eip_association.nat_instance",
            "module.subnets.aws_instance.nat_instance",
            "module.subnets.aws_nat_gateway.default",
            "module.subnets.aws_network_acl.private",
            "module.subnets.aws_network_acl.public",
            "module.subnets.aws_network_acl_rule.private4_egress",
            "module.subnets.aws_network_acl_rule.private4_ingress",
            "module.subnets.aws_network_acl_rule.private6_egress",
            "module.subnets.aws_network_acl_rule.private6_ingress",
            "module.subnets.aws_network_acl_rule.public4_egress",
            "module.subnets.aws_network_acl_rule.public4_ingress",
            "module.subnets.aws_network_acl_rule.public6_egress",
            "module.subnets.aws_network_acl_rule.public6_ingress",
            "module.subnets.aws_route.nat4",
            "module.subnets.aws_route.nat_instance",
            "module.subnets.aws_route.private6",
            "module.subnets.aws_route.private_nat64",
            "module.subnets.aws_route.public",
            "module.subnets.aws_route.public6",
            "module.subnets.aws_route.public_nat64",
            "module.subnets.aws_route_table.private",
            "module.subnets.aws_route_table.public",
            "module.subnets.aws_route_table_association.private",
            "module.subnets.aws_route_table_association.public",
            "module.subnets.aws_security_group.nat_instance",
            "module.subnets.aws_security_group_rule.nat_instance_egress",
            "module.subnets.aws_security_group_rule.nat_instance_ingress",
            "module.subnets.aws_subnet.private",
            "module.subnets.aws_subnet.public",
            "module.subnets.data.aws_ami.nat_instance",
            "module.subnets.data.aws_availability_zones.default",
            "module.subnets.data.aws_eip.nat",
            "module.subnets.data.aws_vpc.default",
            "module.subnets.module.utils.data.aws_iam_policy_document.by_account",
            "module.subnets.module.utils.data.aws_iam_policy_document.by_region",
            "module.subnets.module.utils.data.aws_regions.complete",
            "module.subnets.module.utils.data.aws_regions.default",
            "module.subnets.module.utils.data.aws_regions.not_opted_in",
            "module.subnets.module.utils.data.aws_regions.opted_in",
            "module.vpc.aws_internet_gateway.default",
            "module.vpc.aws_vpc.default"
          ]
        }
      ]
    },
    {
      "module": "module.eks_cluster",
      "mode": "managed",
      "type": "aws_iam_openid_connect_provider",
      "name": "default",
      "provider": "provider[\"registry.terraform.io/hashicorp/aws\"]",
      "instances": [
        {
          "index_key": 0,
          "schema_version": 0,
          "attributes": {
            "arn": "arn:aws:iam::093304591402:oidc-provider/oidc.eks.us-east-2.amazonaws.com/id/9835247FC62CC72EC692F547DED8F913",
            "client_id_list": [
              "sts.amazonaws.com"
            ],
            "id": "arn:aws:iam::093304591402:oidc-provider/oidc.eks.us-east-2.amazonaws.com/id/9835247FC62CC72EC692F547DED8F913",
            "tags": {
              "Attributes": "cluster",
              "Name": "ev-dev-eks-cluster",
              "Namespace": "ev",
              "Stage": "dev"
            },
            "tags_all": {
              "Attributes": "cluster",
              "Name": "ev-dev-eks-cluster",
              "Namespace": "ev",
              "Stage": "dev"
            },
            "thumbprint_list": [
              "9e99a48a9960b14926bb7f3b02e22da2b0ab7280"
            ],
            "url": "oidc.eks.us-east-2.amazonaws.com/id/9835247FC62CC72EC692F547DED8F913"
          },
          "sensitive_attributes": [],
          "private": "bnVsbA==",
          "dependencies": [
            "module.eks_cluster.aws_cloudwatch_log_group.default",
            "module.eks_cluster.aws_eks_cluster.default",
            "module.eks_cluster.aws_iam_policy.cluster_elb_service_role",
            "module.eks_cluster.aws_iam_role.default",
            "module.eks_cluster.aws_iam_role_policy_attachment.amazon_eks_cluster_policy",
            "module.eks_cluster.aws_iam_role_policy_attachment.amazon_eks_service_policy",
            "module.eks_cluster.aws_iam_role_policy_attachment.cluster_elb_service_role",
            "module.eks_cluster.aws_kms_alias.cluster",
            "module.eks_cluster.aws_kms_key.cluster",
            "module.eks_cluster.data.aws_iam_policy_document.assume_role",
            "module.eks_cluster.data.aws_iam_policy_document.cluster_elb_service_role",
            "module.eks_cluster.data.aws_partition.current",
            "module.eks_cluster.data.tls_certificate.cluster",
            "module.subnets.aws_eip.default",
            "module.subnets.aws_eip_association.nat_instance",
            "module.subnets.aws_instance.nat_instance",
            "module.subnets.aws_nat_gateway.default",
            "module.subnets.aws_network_acl.private",
            "module.subnets.aws_network_acl.public",
            "module.subnets.aws_network_acl_rule.private4_egress",
            "module.subnets.aws_network_acl_rule.private4_ingress",
            "module.subnets.aws_network_acl_rule.private6_egress",
            "module.subnets.aws_network_acl_rule.private6_ingress",
            "module.subnets.aws_network_acl_rule.public4_egress",
            "module.subnets.aws_network_acl_rule.public4_ingress",
            "module.subnets.aws_network_acl_rule.public6_egress",
            "module.subnets.aws_network_acl_rule.public6_ingress",
            "module.subnets.aws_route.nat4",
            "module.subnets.aws_route.nat_instance",
            "module.subnets.aws_route.private6",
            "module.subnets.aws_route.private_nat64",
            "module.subnets.aws_route.public",
            "module.subnets.aws_route.public6",
            "module.subnets.aws_route.public_nat64",
            "module.subnets.aws_route_table.private",
            "module.subnets.aws_route_table.public",
            "module.subnets.aws_route_table_association.private",
            "module.subnets.aws_route_table_association.public",
            "module.subnets.aws_security_group.nat_instance",
            "module.subnets.aws_security_group_rule.nat_instance_egress",
            "module.subnets.aws_security_group_rule.nat_instance_ingress",
            "module.subnets.aws_subnet.private",
            "module.subnets.aws_subnet.public",
            "module.subnets.data.aws_ami.nat_instance",
            "module.subnets.data.aws_availability_zones.default",
            "module.subnets.data.aws_eip.nat",
            "module.subnets.data.aws_vpc.default",
            "module.subnets.module.utils.data.aws_iam_policy_document.by_account",
            "module.subnets.module.utils.data.aws_iam_policy_document.by_region",
            "module.subnets.module.utils.data.aws_regions.complete",
            "module.subnets.module.utils.data.aws_regions.default",
            "module.subnets.module.utils.data.aws_regions.not_opted_in",
            "module.subnets.module.utils.data.aws_regions.opted_in",
            "module.vpc.aws_internet_gateway.default",
            "module.vpc.aws_vpc.default"
          ]
        }
      ]
    },
    {
      "module": "module.eks_cluster",
      "mode": "managed",
      "type": "aws_iam_policy",
      "name": "cluster_elb_service_role",
      "provider": "provider[\"registry.terraform.io/hashicorp/aws\"]",
      "instances": [
        {
          "index_key": 0,
          "schema_version": 0,
          "attributes": {
            "arn": "arn:aws:iam::093304591402:policy/ev-dev-eks-cluster-ServiceRole",
            "attachment_count": 1,
            "description": "",
            "id": "arn:aws:iam::093304591402:policy/ev-dev-eks-cluster-ServiceRole",
            "name": "ev-dev-eks-cluster-ServiceRole",
            "name_prefix": "",
            "path": "/",
            "policy": "{\"Statement\":[{\"Action\":[\"elasticloadbalancing:SetSubnets\",\"elasticloadbalancing:SetIpAddressType\",\"ec2:DescribeInternetGateways\",\"ec2:DescribeAddresses\",\"ec2:DescribeAccountAttributes\"],\"Effect\":\"Allow\",\"Resource\":\"*\",\"Sid\":\"AllowElasticLoadBalancer\"},{\"Action\":\"logs:CreateLogGroup\",\"Effect\":\"Deny\",\"Resource\":\"*\",\"Sid\":\"DenyCreateLogGroup\"}],\"Version\":\"2012-10-17\"}",
            "policy_id": "ANPARLOLDCQVPBRK2RR4J",
            "tags": {},
            "tags_all": {}
          },
          "sensitive_attributes": [],
          "private": "bnVsbA==",
          "dependencies": [
            "module.eks_cluster.data.aws_iam_policy_document.cluster_elb_service_role"
          ],
          "create_before_destroy": true
        }
      ]
    },
    {
      "module": "module.eks_cluster",
      "mode": "managed",
      "type": "aws_iam_role",
      "name": "default",
      "provider": "provider[\"registry.terraform.io/hashicorp/aws\"]",
      "instances": [
        {
          "index_key": 0,
          "schema_version": 0,
          "attributes": {
            "arn": "arn:aws:iam::093304591402:role/ev-dev-eks-cluster",
            "assume_role_policy": "{\"Statement\":[{\"Action\":\"sts:AssumeRole\",\"Effect\":\"Allow\",\"Principal\":{\"Service\":\"eks.amazonaws.com\"}}],\"Version\":\"2012-10-17\"}",
            "create_date": "2024-06-14T12:52:05Z",
            "description": "",
            "force_detach_policies": false,
            "id": "ev-dev-eks-cluster",
            "inline_policy": [],
            "managed_policy_arns": [
              "arn:aws:iam::093304591402:policy/ev-dev-eks-cluster-ServiceRole",
              "arn:aws:iam::aws:policy/AmazonEKSClusterPolicy",
              "arn:aws:iam::aws:policy/AmazonEKSServicePolicy"
            ],
            "max_session_duration": 3600,
            "name": "ev-dev-eks-cluster",
            "name_prefix": "",
            "path": "/",
            "permissions_boundary": "",
            "tags": {
              "Attributes": "cluster",
              "Name": "ev-dev-eks-cluster",
              "Namespace": "ev",
              "Stage": "dev"
            },
            "tags_all": {
              "Attributes": "cluster",
              "Name": "ev-dev-eks-cluster",
              "Namespace": "ev",
              "Stage": "dev"
            },
            "unique_id": "AROARLOLDCQVCMLY6LB6N"
          },
          "sensitive_attributes": [],
          "private": "bnVsbA==",
          "dependencies": [
            "module.eks_cluster.data.aws_iam_policy_document.assume_role"
          ],
          "create_before_destroy": true
        }
      ]
    },
    {
      "module": "module.eks_cluster",
      "mode": "managed",
      "type": "aws_iam_role_policy_attachment",
      "name": "amazon_eks_cluster_policy",
      "provider": "provider[\"registry.terraform.io/hashicorp/aws\"]",
      "instances": [
        {
          "index_key": 0,
          "schema_version": 0,
          "attributes": {
            "id": "ev-dev-eks-cluster-20240614125205588200000004",
            "policy_arn": "arn:aws:iam::aws:policy/AmazonEKSClusterPolicy",
            "role": "ev-dev-eks-cluster"
          },
          "sensitive_attributes": [],
          "private": "bnVsbA==",
          "dependencies": [
            "module.eks_cluster.aws_iam_role.default",
            "module.eks_cluster.data.aws_iam_policy_document.assume_role",
            "module.eks_cluster.data.aws_partition.current"
          ],
          "create_before_destroy": true
        }
      ]
    },
    {
      "module": "module.eks_cluster",
      "mode": "managed",
      "type": "aws_iam_role_policy_attachment",
      "name": "amazon_eks_service_policy",
      "provider": "provider[\"registry.terraform.io/hashicorp/aws\"]",
      "instances": [
        {
          "index_key": 0,
          "schema_version": 0,
          "attributes": {
            "id": "ev-dev-eks-cluster-20240614125205537000000001",
            "policy_arn": "arn:aws:iam::aws:policy/AmazonEKSServicePolicy",
            "role": "ev-dev-eks-cluster"
          },
          "sensitive_attributes": [],
          "private": "bnVsbA==",
          "dependencies": [
            "module.eks_cluster.aws_iam_role.default",
            "module.eks_cluster.data.aws_iam_policy_document.assume_role",
            "module.eks_cluster.data.aws_partition.current"
          ],
          "create_before_destroy": true
        }
      ]
    },
    {
      "module": "module.eks_cluster",
      "mode": "managed",
      "type": "aws_iam_role_policy_attachment",
      "name": "cluster_elb_service_role",
      "provider": "provider[\"registry.terraform.io/hashicorp/aws\"]",
      "instances": [
        {
          "index_key": 0,
          "schema_version": 0,
          "attributes": {
            "id": "ev-dev-eks-cluster-20240614125205543700000002",
            "policy_arn": "arn:aws:iam::093304591402:policy/ev-dev-eks-cluster-ServiceRole",
            "role": "ev-dev-eks-cluster"
          },
          "sensitive_attributes": [],
          "private": "bnVsbA==",
          "dependencies": [
            "module.eks_cluster.aws_iam_policy.cluster_elb_service_role",
            "module.eks_cluster.aws_iam_role.default",
            "module.eks_cluster.data.aws_iam_policy_document.assume_role",
            "module.eks_cluster.data.aws_iam_policy_document.cluster_elb_service_role"
          ],
          "create_before_destroy": true
        }
      ]
    },
    {
      "module": "module.eks_cluster",
      "mode": "managed",
      "type": "aws_kms_alias",
      "name": "cluster",
      "provider": "provider[\"registry.terraform.io/hashicorp/aws\"]",
      "instances": [
        {
          "index_key": 0,
          "schema_version": 0,
          "attributes": {
            "arn": "arn:aws:kms:us-east-2:093304591402:alias/ev-dev-eks-cluster",
            "id": "alias/ev-dev-eks-cluster",
            "name": "alias/ev-dev-eks-cluster",
            "name_prefix": "",
            "target_key_arn": "arn:aws:kms:us-east-2:093304591402:key/9c0d1940-b419-40c1-9237-29a4ce45e604",
            "target_key_id": "9c0d1940-b419-40c1-9237-29a4ce45e604"
          },
          "sensitive_attributes": [],
          "private": "bnVsbA==",
          "dependencies": [
            "module.eks_cluster.aws_kms_key.cluster"
          ],
          "create_before_destroy": true
        }
      ]
    },
    {
      "module": "module.eks_cluster",
      "mode": "managed",
      "type": "aws_kms_key",
      "name": "cluster",
      "provider": "provider[\"registry.terraform.io/hashicorp/aws\"]",
      "instances": [
        {
          "index_key": 0,
          "schema_version": 0,
          "attributes": {
            "arn": "arn:aws:kms:us-east-2:093304591402:key/9c0d1940-b419-40c1-9237-29a4ce45e604",
            "bypass_policy_lockout_safety_check": false,
            "custom_key_store_id": "",
            "customer_master_key_spec": "SYMMETRIC_DEFAULT",
            "deletion_window_in_days": 10,
            "description": "EKS Cluster ev-dev-eks-cluster Encryption Config KMS Key",
            "enable_key_rotation": true,
            "id": "9c0d1940-b419-40c1-9237-29a4ce45e604",
            "is_enabled": true,
            "key_id": "9c0d1940-b419-40c1-9237-29a4ce45e604",
            "key_usage": "ENCRYPT_DECRYPT",
            "multi_region": false,
            "policy": "{\"Id\":\"key-default-1\",\"Statement\":[{\"Action\":\"kms:*\",\"Effect\":\"Allow\",\"Principal\":{\"AWS\":\"arn:aws:iam::093304591402:root\"},\"Resource\":\"*\",\"Sid\":\"Enable IAM User Permissions\"}],\"Version\":\"2012-10-17\"}",
            "rotation_period_in_days": 365,
            "tags": {
              "Attributes": "cluster",
              "Name": "ev-dev-eks-cluster",
              "Namespace": "ev",
              "Stage": "dev"
            },
            "tags_all": {
              "Attributes": "cluster",
              "Name": "ev-dev-eks-cluster",
              "Namespace": "ev",
              "Stage": "dev"
            },
            "timeouts": null,
            "xks_key_id": ""
          },
          "sensitive_attributes": [],
          "private": "eyJlMmJmYjczMC1lY2FhLTExZTYtOGY4OC0zNDM2M2JjN2M0YzAiOnsiY3JlYXRlIjoxMjAwMDAwMDAwMDB9fQ==",
          "create_before_destroy": true
        }
      ]
    },
    {
      "module": "module.eks_cluster",
      "mode": "managed",
      "type": "aws_vpc_security_group_ingress_rule",
      "name": "managed_ingress_cidr_blocks",
      "provider": "provider[\"registry.terraform.io/hashicorp/aws\"]",
      "instances": [
        {
          "index_key": 0,
          "schema_version": 0,
          "attributes": {
            "arn": "arn:aws:ec2:us-east-2:093304591402:security-group-rule/sgr-09c4219df314d5733",
            "cidr_ipv4": "172.16.0.0/16",
            "cidr_ipv6": null,
            "description": "Allow inbound traffic from CIDR blocks",
            "from_port": null,
            "id": "sgr-09c4219df314d5733",
            "ip_protocol": "-1",
            "prefix_list_id": null,
            "referenced_security_group_id": null,
            "security_group_id": "sg-05b0fc7606bb968e6",
            "security_group_rule_id": "sgr-09c4219df314d5733",
            "tags": null,
            "tags_all": {},
            "to_port": null
          },
          "sensitive_attributes": [],
          "dependencies": [
            "module.eks_cluster.aws_cloudwatch_log_group.default",
            "module.eks_cluster.aws_eks_cluster.default",
            "module.eks_cluster.aws_iam_policy.cluster_elb_service_role",
            "module.eks_cluster.aws_iam_role.default",
            "module.eks_cluster.aws_iam_role_policy_attachment.amazon_eks_cluster_policy",
            "module.eks_cluster.aws_iam_role_policy_attachment.amazon_eks_service_policy",
            "module.eks_cluster.aws_iam_role_policy_attachment.cluster_elb_service_role",
            "module.eks_cluster.aws_kms_alias.cluster",
            "module.eks_cluster.aws_kms_key.cluster",
            "module.eks_cluster.data.aws_iam_policy_document.assume_role",
            "module.eks_cluster.data.aws_iam_policy_document.cluster_elb_service_role",
            "module.eks_cluster.data.aws_partition.current",
            "module.subnets.aws_eip.default",
            "module.subnets.aws_eip_association.nat_instance",
            "module.subnets.aws_instance.nat_instance",
            "module.subnets.aws_nat_gateway.default",
            "module.subnets.aws_network_acl.private",
            "module.subnets.aws_network_acl.public",
            "module.subnets.aws_network_acl_rule.private4_egress",
            "module.subnets.aws_network_acl_rule.private4_ingress",
            "module.subnets.aws_network_acl_rule.private6_egress",
            "module.subnets.aws_network_acl_rule.private6_ingress",
            "module.subnets.aws_network_acl_rule.public4_egress",
            "module.subnets.aws_network_acl_rule.public4_ingress",
            "module.subnets.aws_network_acl_rule.public6_egress",
            "module.subnets.aws_network_acl_rule.public6_ingress",
            "module.subnets.aws_route.nat4",
            "module.subnets.aws_route.nat_instance",
            "module.subnets.aws_route.private6",
            "module.subnets.aws_route.private_nat64",
            "module.subnets.aws_route.public",
            "module.subnets.aws_route.public6",
            "module.subnets.aws_route.public_nat64",
            "module.subnets.aws_route_table.private",
            "module.subnets.aws_route_table.public",
            "module.subnets.aws_route_table_association.private",
            "module.subnets.aws_route_table_association.public",
            "module.subnets.aws_security_group.nat_instance",
            "module.subnets.aws_security_group_rule.nat_instance_egress",
            "module.subnets.aws_security_group_rule.nat_instance_ingress",
            "module.subnets.aws_subnet.private",
            "module.subnets.aws_subnet.public",
            "module.subnets.data.aws_ami.nat_instance",
            "module.subnets.data.aws_availability_zones.default",
            "module.subnets.data.aws_eip.nat",
            "module.subnets.data.aws_vpc.default",
            "module.subnets.module.utils.data.aws_iam_policy_document.by_account",
            "module.subnets.module.utils.data.aws_iam_policy_document.by_region",
            "module.subnets.module.utils.data.aws_regions.complete",
            "module.subnets.module.utils.data.aws_regions.default",
            "module.subnets.module.utils.data.aws_regions.not_opted_in",
            "module.subnets.module.utils.data.aws_regions.opted_in",
            "module.vpc.aws_internet_gateway.default",
            "module.vpc.aws_vpc.default"
          ]
        }
      ]
    },
    {
      "module": "module.eks_cluster",
      "mode": "managed",
      "type": "aws_vpc_security_group_ingress_rule",
      "name": "managed_ingress_security_groups",
      "provider": "provider[\"registry.terraform.io/hashicorp/aws\"]",
      "instances": [
        {
          "index_key": 0,
          "schema_version": 0,
          "attributes": {
            "arn": "arn:aws:ec2:us-east-2:093304591402:security-group-rule/sgr-00386dcc192ef869a",
            "cidr_ipv4": null,
            "cidr_ipv6": null,
            "description": "Allow inbound traffic from existing Security Groups",
            "from_port": null,
            "id": "sgr-00386dcc192ef869a",
            "ip_protocol": "-1",
            "prefix_list_id": null,
            "referenced_security_group_id": "sg-01febacc47312a17e",
            "security_group_id": "sg-05b0fc7606bb968e6",
            "security_group_rule_id": "sgr-00386dcc192ef869a",
            "tags": null,
            "tags_all": {},
            "to_port": null
          },
          "sensitive_attributes": [],
          "dependencies": [
            "module.eks_cluster.aws_cloudwatch_log_group.default",
            "module.eks_cluster.aws_eks_cluster.default",
            "module.eks_cluster.aws_iam_policy.cluster_elb_service_role",
            "module.eks_cluster.aws_iam_role.default",
            "module.eks_cluster.aws_iam_role_policy_attachment.amazon_eks_cluster_policy",
            "module.eks_cluster.aws_iam_role_policy_attachment.amazon_eks_service_policy",
            "module.eks_cluster.aws_iam_role_policy_attachment.cluster_elb_service_role",
            "module.eks_cluster.aws_kms_alias.cluster",
            "module.eks_cluster.aws_kms_key.cluster",
            "module.eks_cluster.data.aws_iam_policy_document.assume_role",
            "module.eks_cluster.data.aws_iam_policy_document.cluster_elb_service_role",
            "module.eks_cluster.data.aws_partition.current",
            "module.subnets.aws_eip.default",
            "module.subnets.aws_eip_association.nat_instance",
            "module.subnets.aws_instance.nat_instance",
            "module.subnets.aws_nat_gateway.default",
            "module.subnets.aws_network_acl.private",
            "module.subnets.aws_network_acl.public",
            "module.subnets.aws_network_acl_rule.private4_egress",
            "module.subnets.aws_network_acl_rule.private4_ingress",
            "module.subnets.aws_network_acl_rule.private6_egress",
            "module.subnets.aws_network_acl_rule.private6_ingress",
            "module.subnets.aws_network_acl_rule.public4_egress",
            "module.subnets.aws_network_acl_rule.public4_ingress",
            "module.subnets.aws_network_acl_rule.public6_egress",
            "module.subnets.aws_network_acl_rule.public6_ingress",
            "module.subnets.aws_route.nat4",
            "module.subnets.aws_route.nat_instance",
            "module.subnets.aws_route.private6",
            "module.subnets.aws_route.private_nat64",
            "module.subnets.aws_route.public",
            "module.subnets.aws_route.public6",
            "module.subnets.aws_route.public_nat64",
            "module.subnets.aws_route_table.private",
            "module.subnets.aws_route_table.public",
            "module.subnets.aws_route_table_association.private",
            "module.subnets.aws_route_table_association.public",
            "module.subnets.aws_security_group.nat_instance",
            "module.subnets.aws_security_group_rule.nat_instance_egress",
            "module.subnets.aws_security_group_rule.nat_instance_ingress",
            "module.subnets.aws_subnet.private",
            "module.subnets.aws_subnet.public",
            "module.subnets.data.aws_ami.nat_instance",
            "module.subnets.data.aws_availability_zones.default",
            "module.subnets.data.aws_eip.nat",
            "module.subnets.data.aws_vpc.default",
            "module.subnets.module.utils.data.aws_iam_policy_document.by_account",
            "module.subnets.module.utils.data.aws_iam_policy_document.by_region",
            "module.subnets.module.utils.data.aws_regions.complete",
            "module.subnets.module.utils.data.aws_regions.default",
            "module.subnets.module.utils.data.aws_regions.not_opted_in",
            "module.subnets.module.utils.data.aws_regions.opted_in",
            "module.vpc.aws_internet_gateway.default",
            "module.vpc.aws_vpc.default"
          ]
        }
      ]
    },
    {
      "module": "module.eks_node_group",
      "mode": "data",
      "type": "aws_iam_policy_document",
      "name": "assume_role",
      "provider": "provider[\"registry.terraform.io/hashicorp/aws\"]",
      "instances": [
        {
          "index_key": 0,
          "schema_version": 0,
          "attributes": {
            "id": "2851119427",
            "json": "{\n  \"Version\": \"2012-10-17\",\n  \"Statement\": [\n    {\n      \"Effect\": \"Allow\",\n      \"Action\": \"sts:AssumeRole\",\n      \"Principal\": {\n        \"Service\": \"ec2.amazonaws.com\"\n      }\n    }\n  ]\n}",
            "minified_json": "{\"Version\":\"2012-10-17\",\"Statement\":[{\"Effect\":\"Allow\",\"Action\":\"sts:AssumeRole\",\"Principal\":{\"Service\":\"ec2.amazonaws.com\"}}]}",
            "override_json": null,
            "override_policy_documents": null,
            "policy_id": null,
            "source_json": null,
            "source_policy_documents": null,
            "statement": [
              {
                "actions": [
                  "sts:AssumeRole"
                ],
                "condition": [],
                "effect": "Allow",
                "not_actions": [],
                "not_principals": [],
                "not_resources": [],
                "principals": [
                  {
                    "identifiers": [
                      "ec2.amazonaws.com"
                    ],
                    "type": "Service"
                  }
                ],
                "resources": [],
                "sid": ""
              }
            ],
            "version": "2012-10-17"
          },
          "sensitive_attributes": []
        }
      ]
    },
    {
      "module": "module.eks_node_group",
      "mode": "data",
      "type": "aws_iam_policy_document",
      "name": "ipv6_eks_cni_policy",
      "provider": "provider[\"registry.terraform.io/hashicorp/aws\"]",
      "instances": [
        {
          "index_key": 0,
          "schema_version": 0,
          "attributes": {
            "id": "2157273041",
            "json": "{\n  \"Version\": \"2012-10-17\",\n  \"Statement\": [\n    {\n      \"Effect\": \"Allow\",\n      \"Action\": [\n        \"ec2:UnassignPrivateIpAddresses\",\n        \"ec2:ModifyNetworkInterfaceAttribute\",\n        \"ec2:DetachNetworkInterface\",\n        \"ec2:DescribeTags\",\n        \"ec2:DescribeNetworkInterfaces\",\n        \"ec2:DescribeInstances\",\n        \"ec2:DescribeInstanceTypes\",\n        \"ec2:DeleteNetworkInterface\",\n        \"ec2:CreateNetworkInterface\",\n        \"ec2:AttachNetworkInterface\",\n        \"ec2:AssignPrivateIpAddresses\",\n        \"ec2:AssignIpv6Addresses\"\n      ],\n      \"Resource\": \"*\"\n    },\n    {\n      \"Effect\": \"Allow\",\n      \"Action\": \"ec2:CreateTags\",\n      \"Resource\": \"arn:aws:ec2:*:*:network-interface/*\"\n    }\n  ]\n}",
            "minified_json": "{\"Version\":\"2012-10-17\",\"Statement\":[{\"Effect\":\"Allow\",\"Action\":[\"ec2:UnassignPrivateIpAddresses\",\"ec2:ModifyNetworkInterfaceAttribute\",\"ec2:DetachNetworkInterface\",\"ec2:DescribeTags\",\"ec2:DescribeNetworkInterfaces\",\"ec2:DescribeInstances\",\"ec2:DescribeInstanceTypes\",\"ec2:DeleteNetworkInterface\",\"ec2:CreateNetworkInterface\",\"ec2:AttachNetworkInterface\",\"ec2:AssignPrivateIpAddresses\",\"ec2:AssignIpv6Addresses\"],\"Resource\":\"*\"},{\"Effect\":\"Allow\",\"Action\":\"ec2:CreateTags\",\"Resource\":\"arn:aws:ec2:*:*:network-interface/*\"}]}",
            "override_json": null,
            "override_policy_documents": null,
            "policy_id": null,
            "source_json": null,
            "source_policy_documents": null,
            "statement": [
              {
                "actions": [
                  "ec2:AssignIpv6Addresses",
                  "ec2:AssignPrivateIpAddresses",
                  "ec2:AttachNetworkInterface",
                  "ec2:CreateNetworkInterface",
                  "ec2:DeleteNetworkInterface",
                  "ec2:DescribeInstanceTypes",
                  "ec2:DescribeInstances",
                  "ec2:DescribeNetworkInterfaces",
                  "ec2:DescribeTags",
                  "ec2:DetachNetworkInterface",
                  "ec2:ModifyNetworkInterfaceAttribute",
                  "ec2:UnassignPrivateIpAddresses"
                ],
                "condition": [],
                "effect": "Allow",
                "not_actions": [],
                "not_principals": [],
                "not_resources": [],
                "principals": [],
                "resources": [
                  "*"
                ],
                "sid": ""
              },
              {
                "actions": [
                  "ec2:CreateTags"
                ],
                "condition": [],
                "effect": "Allow",
                "not_actions": [],
                "not_principals": [],
                "not_resources": [],
                "principals": [],
                "resources": [
                  "arn:aws:ec2:*:*:network-interface/*"
                ],
                "sid": ""
              }
            ],
            "version": "2012-10-17"
          },
          "sensitive_attributes": []
        }
      ]
    },
    {
      "module": "module.eks_node_group",
      "mode": "data",
      "type": "aws_partition",
      "name": "current",
      "provider": "provider[\"registry.terraform.io/hashicorp/aws\"]",
      "instances": [
        {
          "index_key": 0,
          "schema_version": 0,
          "attributes": {
            "dns_suffix": "amazonaws.com",
            "id": "aws",
            "partition": "aws",
            "reverse_dns_prefix": "com.amazonaws"
          },
          "sensitive_attributes": []
        }
      ]
    },
    {
      "module": "module.eks_node_group",
      "mode": "managed",
      "type": "aws_eks_node_group",
      "name": "default",
      "provider": "provider[\"registry.terraform.io/hashicorp/aws\"]",
      "instances": [
        {
          "index_key": 0,
          "schema_version": 0,
          "attributes": {
            "ami_type": "AL2_x86_64",
            "arn": "arn:aws:eks:us-east-2:093304591402:nodegroup/ev-dev-eks-cluster/ev-dev-eks-workers/6ac80b6c-d01d-5f02-501a-3478f74e3d5d",
            "capacity_type": "ON_DEMAND",
            "cluster_name": "ev-dev-eks-cluster",
            "disk_size": 0,
            "force_update_version": false,
            "id": "ev-dev-eks-cluster:ev-dev-eks-workers",
            "instance_types": [
              "t3.small"
            ],
            "labels": {},
            "launch_template": [
              {
                "id": "lt-0e23b3ea7638c7bee",
                "name": "ev-dev-eks-workers2024061413043903610000000d",
                "version": "1"
              }
            ],
            "node_group_name": "ev-dev-eks-workers",
            "node_group_name_prefix": "",
            "node_role_arn": "arn:aws:iam::093304591402:role/ev-dev-eks-workers",
            "release_version": "1.30.0-20240605",
            "remote_access": [],
            "resources": [
              {
                "autoscaling_groups": [
                  {
                    "name": "eks-ev-dev-eks-workers-6ac80b6c-d01d-5f02-501a-3478f74e3d5d"
                  }
                ],
                "remote_access_security_group_id": ""
              }
            ],
            "scaling_config": [
              {
                "desired_size": 2,
                "max_size": 3,
                "min_size": 2
              }
            ],
            "status": "ACTIVE",
            "subnet_ids": [
              "subnet-09ea19677ae4a46ca",
              "subnet-0dc2bf8c3d528dfda"
            ],
            "tags": {
              "Attributes": "workers",
              "Name": "ev-dev-eks-workers",
              "Namespace": "ev",
              "Stage": "dev",
              "kubernetes.io/cluster/ev-dev-eks-cluster": "owned"
            },
            "tags_all": {
              "Attributes": "workers",
              "Name": "ev-dev-eks-workers",
              "Namespace": "ev",
              "Stage": "dev",
              "kubernetes.io/cluster/ev-dev-eks-cluster": "owned"
            },
            "taint": [],
            "timeouts": null,
            "update_config": [
              {
                "max_unavailable": 1,
                "max_unavailable_percentage": 0
              }
            ],
            "version": "1.30"
          },
          "sensitive_attributes": [],
          "private": "eyJlMmJmYjczMC1lY2FhLTExZTYtOGY4OC0zNDM2M2JjN2M0YzAiOnsiY3JlYXRlIjozNjAwMDAwMDAwMDAwLCJkZWxldGUiOjM2MDAwMDAwMDAwMDAsInVwZGF0ZSI6MzYwMDAwMDAwMDAwMH19",
          "dependencies": [
            "module.eks_cluster.aws_cloudwatch_log_group.default",
            "module.eks_cluster.aws_eks_cluster.default",
            "module.eks_cluster.aws_iam_policy.cluster_elb_service_role",
            "module.eks_cluster.aws_iam_role.default",
            "module.eks_cluster.aws_iam_role_policy_attachment.amazon_eks_cluster_policy",
            "module.eks_cluster.aws_iam_role_policy_attachment.amazon_eks_service_policy",
            "module.eks_cluster.aws_iam_role_policy_attachment.cluster_elb_service_role",
            "module.eks_cluster.aws_kms_alias.cluster",
            "module.eks_cluster.aws_kms_key.cluster",
            "module.eks_cluster.data.aws_iam_policy_document.assume_role",
            "module.eks_cluster.data.aws_iam_policy_document.cluster_elb_service_role",
            "module.eks_cluster.data.aws_partition.current",
            "module.eks_node_group.aws_iam_policy.ipv6_eks_cni_policy",
            "module.eks_node_group.aws_iam_role.default",
            "module.eks_node_group.aws_iam_role_policy_attachment.amazon_ec2_container_registry_read_only",
            "module.eks_node_group.aws_iam_role_policy_attachment.amazon_eks_worker_node_policy",
            "module.eks_node_group.aws_iam_role_policy_attachment.existing_policies_for_eks_workers_role",
            "module.eks_node_group.aws_iam_role_policy_attachment.ipv6_eks_cni_policy",
            "module.eks_node_group.aws_launch_template.default",
            "module.eks_node_group.data.aws_ami.selected",
            "module.eks_node_group.data.aws_eks_cluster.this",
            "module.eks_node_group.data.aws_iam_policy_document.assume_role",
            "module.eks_node_group.data.aws_iam_policy_document.ipv6_eks_cni_policy",
            "module.eks_node_group.data.aws_launch_template.this",
            "module.eks_node_group.data.aws_partition.current",
            "module.eks_node_group.module.ssh_access.aws_security_group.cbd",
            "module.eks_node_group.module.ssh_access.aws_security_group.default",
            "module.eks_node_group.module.ssh_access.aws_security_group_rule.dbc",
            "module.eks_node_group.module.ssh_access.aws_security_group_rule.keyed",
            "module.eks_node_group.module.ssh_access.null_resource.sync_rules_and_sg_lifecycles",
            "module.eks_node_group.module.ssh_access.random_id.rule_change_forces_new_security_group",
            "module.subnets.aws_eip.default",
            "module.subnets.aws_eip_association.nat_instance",
            "module.subnets.aws_instance.nat_instance",
            "module.subnets.aws_nat_gateway.default",
            "module.subnets.aws_network_acl.private",
            "module.subnets.aws_network_acl.public",
            "module.subnets.aws_network_acl_rule.private4_egress",
            "module.subnets.aws_network_acl_rule.private4_ingress",
            "module.subnets.aws_network_acl_rule.private6_egress",
            "module.subnets.aws_network_acl_rule.private6_ingress",
            "module.subnets.aws_network_acl_rule.public4_egress",
            "module.subnets.aws_network_acl_rule.public4_ingress",
            "module.subnets.aws_network_acl_rule.public6_egress",
            "module.subnets.aws_network_acl_rule.public6_ingress",
            "module.subnets.aws_route.nat4",
            "module.subnets.aws_route.nat_instance",
            "module.subnets.aws_route.private6",
            "module.subnets.aws_route.private_nat64",
            "module.subnets.aws_route.public",
            "module.subnets.aws_route.public6",
            "module.subnets.aws_route.public_nat64",
            "module.subnets.aws_route_table.private",
            "module.subnets.aws_route_table.public",
            "module.subnets.aws_route_table_association.private",
            "module.subnets.aws_route_table_association.public",
            "module.subnets.aws_security_group.nat_instance",
            "module.subnets.aws_security_group_rule.nat_instance_egress",
            "module.subnets.aws_security_group_rule.nat_instance_ingress",
            "module.subnets.aws_subnet.private",
            "module.subnets.aws_subnet.public",
            "module.subnets.data.aws_ami.nat_instance",
            "module.subnets.data.aws_availability_zones.default",
            "module.subnets.data.aws_eip.nat",
            "module.subnets.data.aws_vpc.default",
            "module.subnets.module.utils.data.aws_iam_policy_document.by_account",
            "module.subnets.module.utils.data.aws_iam_policy_document.by_region",
            "module.subnets.module.utils.data.aws_regions.complete",
            "module.subnets.module.utils.data.aws_regions.default",
            "module.subnets.module.utils.data.aws_regions.not_opted_in",
            "module.subnets.module.utils.data.aws_regions.opted_in",
            "module.vpc.aws_internet_gateway.default",
            "module.vpc.aws_vpc.default"
          ]
        }
      ]
    },
    {
      "module": "module.eks_node_group",
      "mode": "managed",
      "type": "aws_iam_policy",
      "name": "ipv6_eks_cni_policy",
      "provider": "provider[\"registry.terraform.io/hashicorp/aws\"]",
      "instances": [
        {
          "index_key": 0,
          "schema_version": 0,
          "attributes": {
            "arn": "arn:aws:iam::093304591402:policy/ev-dev-eks-CNI_Policy",
            "attachment_count": 1,
            "description": "",
            "id": "arn:aws:iam::093304591402:policy/ev-dev-eks-CNI_Policy",
            "name": "ev-dev-eks-CNI_Policy",
            "name_prefix": "",
            "path": "/",
            "policy": "{\"Statement\":[{\"Action\":[\"ec2:UnassignPrivateIpAddresses\",\"ec2:ModifyNetworkInterfaceAttribute\",\"ec2:DetachNetworkInterface\",\"ec2:DescribeTags\",\"ec2:DescribeNetworkInterfaces\",\"ec2:DescribeInstances\",\"ec2:DescribeInstanceTypes\",\"ec2:DeleteNetworkInterface\",\"ec2:CreateNetworkInterface\",\"ec2:AttachNetworkInterface\",\"ec2:AssignPrivateIpAddresses\",\"ec2:AssignIpv6Addresses\"],\"Effect\":\"Allow\",\"Resource\":\"*\"},{\"Action\":\"ec2:CreateTags\",\"Effect\":\"Allow\",\"Resource\":\"arn:aws:ec2:*:*:network-interface/*\"}],\"Version\":\"2012-10-17\"}",
            "policy_id": "ANPARLOLDCQVLX7PXDVNK",
            "tags": {},
            "tags_all": {}
          },
          "sensitive_attributes": [],
          "private": "bnVsbA==",
          "dependencies": [
            "module.eks_node_group.data.aws_iam_policy_document.ipv6_eks_cni_policy",
            "module.eks_node_group.data.aws_partition.current"
          ],
          "create_before_destroy": true
        }
      ]
    },
    {
      "module": "module.eks_node_group",
      "mode": "managed",
      "type": "aws_iam_role",
      "name": "default",
      "provider": "provider[\"registry.terraform.io/hashicorp/aws\"]",
      "instances": [
        {
          "index_key": 0,
          "schema_version": 0,
          "attributes": {
            "arn": "arn:aws:iam::093304591402:role/ev-dev-eks-workers",
            "assume_role_policy": "{\"Statement\":[{\"Action\":\"sts:AssumeRole\",\"Effect\":\"Allow\",\"Principal\":{\"Service\":\"ec2.amazonaws.com\"}}],\"Version\":\"2012-10-17\"}",
            "create_date": "2024-06-14T12:52:05Z",
            "description": "",
            "force_detach_policies": false,
            "id": "ev-dev-eks-workers",
            "inline_policy": [],
            "managed_policy_arns": [
              "arn:aws:iam::093304591402:policy/ev-dev-eks-CNI_Policy",
              "arn:aws:iam::aws:policy/AmazonEC2ContainerRegistryReadOnly",
              "arn:aws:iam::aws:policy/AmazonEKSWorkerNodePolicy"
            ],
            "max_session_duration": 3600,
            "name": "ev-dev-eks-workers",
            "name_prefix": "",
            "path": "/",
            "permissions_boundary": "",
            "tags": {
              "Attributes": "workers",
              "Name": "ev-dev-eks-workers",
              "Namespace": "ev",
              "Stage": "dev"
            },
            "tags_all": {
              "Attributes": "workers",
              "Name": "ev-dev-eks-workers",
              "Namespace": "ev",
              "Stage": "dev"
            },
            "unique_id": "AROARLOLDCQVEQLY37XTT"
          },
          "sensitive_attributes": [],
          "private": "bnVsbA==",
          "dependencies": [
            "module.eks_node_group.data.aws_iam_policy_document.assume_role"
          ],
          "create_before_destroy": true
        }
      ]
    },
    {
      "module": "module.eks_node_group",
      "mode": "managed",
      "type": "aws_iam_role_policy_attachment",
      "name": "amazon_ec2_container_registry_read_only",
      "provider": "provider[\"registry.terraform.io/hashicorp/aws\"]",
      "instances": [
        {
          "index_key": 0,
          "schema_version": 0,
          "attributes": {
            "id": "ev-dev-eks-workers-20240614125205588300000005",
            "policy_arn": "arn:aws:iam::aws:policy/AmazonEC2ContainerRegistryReadOnly",
            "role": "ev-dev-eks-workers"
          },
          "sensitive_attributes": [],
          "private": "bnVsbA==",
          "dependencies": [
            "module.eks_node_group.aws_iam_role.default",
            "module.eks_node_group.data.aws_iam_policy_document.assume_role",
            "module.eks_node_group.data.aws_partition.current"
          ],
          "create_before_destroy": true
        }
      ]
    },
    {
      "module": "module.eks_node_group",
      "mode": "managed",
      "type": "aws_iam_role_policy_attachment",
      "name": "amazon_eks_worker_node_policy",
      "provider": "provider[\"registry.terraform.io/hashicorp/aws\"]",
      "instances": [
        {
          "index_key": 0,
          "schema_version": 0,
          "attributes": {
            "id": "ev-dev-eks-workers-20240614125205602800000006",
            "policy_arn": "arn:aws:iam::aws:policy/AmazonEKSWorkerNodePolicy",
            "role": "ev-dev-eks-workers"
          },
          "sensitive_attributes": [],
          "private": "bnVsbA==",
          "dependencies": [
            "module.eks_node_group.aws_iam_role.default",
            "module.eks_node_group.data.aws_iam_policy_document.assume_role",
            "module.eks_node_group.data.aws_partition.current"
          ],
          "create_before_destroy": true
        }
      ]
    },
    {
      "module": "module.eks_node_group",
      "mode": "managed",
      "type": "aws_iam_role_policy_attachment",
      "name": "ipv6_eks_cni_policy",
      "provider": "provider[\"registry.terraform.io/hashicorp/aws\"]",
      "instances": [
        {
          "index_key": 0,
          "schema_version": 0,
          "attributes": {
            "id": "ev-dev-eks-workers-20240614125205582800000003",
            "policy_arn": "arn:aws:iam::093304591402:policy/ev-dev-eks-CNI_Policy",
            "role": "ev-dev-eks-workers"
          },
          "sensitive_attributes": [],
          "private": "bnVsbA==",
          "dependencies": [
            "module.eks_node_group.aws_iam_policy.ipv6_eks_cni_policy",
            "module.eks_node_group.aws_iam_role.default",
            "module.eks_node_group.data.aws_iam_policy_document.assume_role",
            "module.eks_node_group.data.aws_iam_policy_document.ipv6_eks_cni_policy",
            "module.eks_node_group.data.aws_partition.current"
          ],
          "create_before_destroy": true
        }
      ]
    },
    {
      "module": "module.eks_node_group",
      "mode": "managed",
      "type": "aws_launch_template",
      "name": "default",
      "provider": "provider[\"registry.terraform.io/hashicorp/aws\"]",
      "instances": [
        {
          "index_key": 0,
          "schema_version": 0,
          "attributes": {
            "arn": "arn:aws:ec2:us-east-2:093304591402:launch-template/lt-0e23b3ea7638c7bee",
            "block_device_mappings": [
              {
                "device_name": "/dev/xvda",
                "ebs": [
                  {
                    "delete_on_termination": "true",
                    "encrypted": "true",
                    "iops": 0,
                    "kms_key_id": "",
                    "snapshot_id": "",
                    "throughput": 0,
                    "volume_size": 20,
                    "volume_type": "gp3"
                  }
                ],
                "no_device": "",
                "virtual_name": ""
              }
            ],
            "capacity_reservation_specification": [],
            "cpu_options": [],
            "credit_specification": [],
            "default_version": 1,
            "description": "",
            "disable_api_stop": false,
            "disable_api_termination": false,
            "ebs_optimized": "true",
            "elastic_gpu_specifications": [],
            "elastic_inference_accelerator": [],
            "enclave_options": [],
            "hibernation_options": [],
            "iam_instance_profile": [],
            "id": "lt-0e23b3ea7638c7bee",
            "image_id": "",
            "instance_initiated_shutdown_behavior": "",
            "instance_market_options": [],
            "instance_requirements": [],
            "instance_type": "",
            "kernel_id": "",
            "key_name": "",
            "latest_version": 1,
            "license_specification": [],
            "maintenance_options": [],
            "metadata_options": [
              {
                "http_endpoint": "enabled",
                "http_protocol_ipv6": "",
                "http_put_response_hop_limit": 2,
                "http_tokens": "required",
                "instance_metadata_tags": ""
              }
            ],
            "monitoring": [
              {
                "enabled": false
              }
            ],
            "name": "ev-dev-eks-workers2024061413043903610000000d",
            "name_prefix": "ev-dev-eks-workers",
            "network_interfaces": [],
            "placement": [],
            "private_dns_name_options": [],
            "ram_disk_id": "",
            "security_group_names": [],
            "tag_specifications": [
              {
                "resource_type": "instance",
                "tags": {
                  "Attributes": "workers",
                  "Name": "ev-dev-eks-workers",
                  "Namespace": "ev",
                  "Stage": "dev",
                  "kubernetes.io/cluster/ev-dev-eks-cluster": "owned"
                }
              },
              {
                "resource_type": "volume",
                "tags": {
                  "Attributes": "workers",
                  "Name": "ev-dev-eks-workers",
                  "Namespace": "ev",
                  "Stage": "dev",
                  "kubernetes.io/cluster/ev-dev-eks-cluster": "owned"
                }
              },
              {
                "resource_type": "network-interface",
                "tags": {
                  "Attributes": "workers",
                  "Name": "ev-dev-eks-workers",
                  "Namespace": "ev",
                  "Stage": "dev",
                  "kubernetes.io/cluster/ev-dev-eks-cluster": "owned"
                }
              }
            ],
            "tags": {
              "Attributes": "workers",
              "Name": "ev-dev-eks-workers",
              "Namespace": "ev",
              "Stage": "dev",
              "kubernetes.io/cluster/ev-dev-eks-cluster": "owned"
            },
            "tags_all": {
              "Attributes": "workers",
              "Name": "ev-dev-eks-workers",
              "Namespace": "ev",
              "Stage": "dev",
              "kubernetes.io/cluster/ev-dev-eks-cluster": "owned"
            },
            "update_default_version": true,
            "user_data": "",
            "vpc_security_group_ids": []
          },
          "sensitive_attributes": [],
          "private": "bnVsbA==",
          "dependencies": [
            "module.eks_cluster.aws_cloudwatch_log_group.default",
            "module.eks_cluster.aws_eks_cluster.default",
            "module.eks_cluster.aws_iam_policy.cluster_elb_service_role",
            "module.eks_cluster.aws_iam_role.default",
            "module.eks_cluster.aws_iam_role_policy_attachment.amazon_eks_cluster_policy",
            "module.eks_cluster.aws_iam_role_policy_attachment.amazon_eks_service_policy",
            "module.eks_cluster.aws_iam_role_policy_attachment.cluster_elb_service_role",
            "module.eks_cluster.aws_kms_alias.cluster",
            "module.eks_cluster.aws_kms_key.cluster",
            "module.eks_cluster.data.aws_iam_policy_document.assume_role",
            "module.eks_cluster.data.aws_iam_policy_document.cluster_elb_service_role",
            "module.eks_cluster.data.aws_partition.current",
            "module.eks_node_group.data.aws_ami.selected",
            "module.eks_node_group.data.aws_eks_cluster.this",
            "module.eks_node_group.module.ssh_access.aws_security_group.cbd",
            "module.eks_node_group.module.ssh_access.aws_security_group.default",
            "module.eks_node_group.module.ssh_access.aws_security_group_rule.dbc",
            "module.eks_node_group.module.ssh_access.aws_security_group_rule.keyed",
            "module.eks_node_group.module.ssh_access.null_resource.sync_rules_and_sg_lifecycles",
            "module.eks_node_group.module.ssh_access.random_id.rule_change_forces_new_security_group",
            "module.subnets.aws_eip.default",
            "module.subnets.aws_eip_association.nat_instance",
            "module.subnets.aws_instance.nat_instance",
            "module.subnets.aws_nat_gateway.default",
            "module.subnets.aws_network_acl.private",
            "module.subnets.aws_network_acl.public",
            "module.subnets.aws_network_acl_rule.private4_egress",
            "module.subnets.aws_network_acl_rule.private4_ingress",
            "module.subnets.aws_network_acl_rule.private6_egress",
            "module.subnets.aws_network_acl_rule.private6_ingress",
            "module.subnets.aws_network_acl_rule.public4_egress",
            "module.subnets.aws_network_acl_rule.public4_ingress",
            "module.subnets.aws_network_acl_rule.public6_egress",
            "module.subnets.aws_network_acl_rule.public6_ingress",
            "module.subnets.aws_route.nat4",
            "module.subnets.aws_route.nat_instance",
            "module.subnets.aws_route.private6",
            "module.subnets.aws_route.private_nat64",
            "module.subnets.aws_route.public",
            "module.subnets.aws_route.public6",
            "module.subnets.aws_route.public_nat64",
            "module.subnets.aws_route_table.private",
            "module.subnets.aws_route_table.public",
            "module.subnets.aws_route_table_association.private",
            "module.subnets.aws_route_table_association.public",
            "module.subnets.aws_security_group.nat_instance",
            "module.subnets.aws_security_group_rule.nat_instance_egress",
            "module.subnets.aws_security_group_rule.nat_instance_ingress",
            "module.subnets.aws_subnet.private",
            "module.subnets.aws_subnet.public",
            "module.subnets.data.aws_ami.nat_instance",
            "module.subnets.data.aws_availability_zones.default",
            "module.subnets.data.aws_eip.nat",
            "module.subnets.data.aws_vpc.default",
            "module.subnets.module.utils.data.aws_iam_policy_document.by_account",
            "module.subnets.module.utils.data.aws_iam_policy_document.by_region",
            "module.subnets.module.utils.data.aws_regions.complete",
            "module.subnets.module.utils.data.aws_regions.default",
            "module.subnets.module.utils.data.aws_regions.not_opted_in",
            "module.subnets.module.utils.data.aws_regions.opted_in",
            "module.vpc.aws_internet_gateway.default",
            "module.vpc.aws_vpc.default"
          ],
          "create_before_destroy": true
        }
      ]
    },
    {
      "module": "module.subnets",
      "mode": "data",
      "type": "aws_availability_zones",
      "name": "default",
      "provider": "provider[\"registry.terraform.io/hashicorp/aws\"]",
      "instances": [
        {
          "index_key": 0,
          "schema_version": 0,
          "attributes": {
            "all_availability_zones": null,
            "exclude_names": null,
            "exclude_zone_ids": null,
            "filter": [
              {
                "name": "opt-in-status",
                "values": [
                  "opt-in-not-required"
                ]
              }
            ],
            "group_names": [
              "us-east-2"
            ],
            "id": "us-east-2",
            "names": [
              "us-east-2a",
              "us-east-2b",
              "us-east-2c"
            ],
            "state": null,
            "timeouts": null,
            "zone_ids": [
              "use2-az1",
              "use2-az2",
              "use2-az3"
            ]
          },
          "sensitive_attributes": []
        }
      ]
    },
    {
      "module": "module.subnets",
      "mode": "managed",
      "type": "aws_eip",
      "name": "default",
      "provider": "provider[\"registry.terraform.io/hashicorp/aws\"]",
      "instances": [
        {
          "index_key": 0,
          "schema_version": 0,
          "attributes": {
            "address": null,
            "allocation_id": "eipalloc-0272cd3cd39d76d66",
            "arn": "arn:aws:ec2:us-east-2:093304591402:elastic-ip/eipalloc-0272cd3cd39d76d66",
            "associate_with_private_ip": null,
            "association_id": "eipassoc-0724a5d2be88f7c21",
            "carrier_ip": "",
            "customer_owned_ip": "",
            "customer_owned_ipv4_pool": "",
            "domain": "vpc",
            "id": "eipalloc-0272cd3cd39d76d66",
            "instance": "",
            "network_border_group": "us-east-2",
            "network_interface": "eni-0d034c5f07d3f4357",
            "private_dns": "ip-172-16-115-15.us-east-2.compute.internal",
            "private_ip": "172.16.115.15",
            "ptr_record": "",
            "public_dns": "ec2-18-221-59-171.us-east-2.compute.amazonaws.com",
            "public_ip": "18.221.59.171",
            "public_ipv4_pool": "amazon",
            "tags": {
              "Attributes": "nat",
              "Name": "ev-dev-eks-nat-use2a",
              "Namespace": "ev",
              "Stage": "dev",
              "kubernetes.io/cluster/ev-dev-eks-cluster": "shared"
            },
            "tags_all": {
              "Attributes": "nat",
              "Name": "ev-dev-eks-nat-use2a",
              "Namespace": "ev",
              "Stage": "dev",
              "kubernetes.io/cluster/ev-dev-eks-cluster": "shared"
            },
            "timeouts": null,
            "vpc": true
          },
          "sensitive_attributes": [],
          "private": "eyJlMmJmYjczMC1lY2FhLTExZTYtOGY4OC0zNDM2M2JjN2M0YzAiOnsiZGVsZXRlIjoxODAwMDAwMDAwMDAsInJlYWQiOjkwMDAwMDAwMDAwMCwidXBkYXRlIjozMDAwMDAwMDAwMDB9fQ==",
          "dependencies": [
            "module.subnets.data.aws_availability_zones.default"
          ],
          "create_before_destroy": true
        }
      ]
    },
    {
      "module": "module.subnets",
      "mode": "managed",
      "type": "aws_nat_gateway",
      "name": "default",
      "provider": "provider[\"registry.terraform.io/hashicorp/aws\"]",
      "instances": [
        {
          "index_key": 0,
          "schema_version": 0,
          "attributes": {
            "allocation_id": "eipalloc-0272cd3cd39d76d66",
            "association_id": "eipassoc-0724a5d2be88f7c21",
            "connectivity_type": "public",
            "id": "nat-035e17110a1cc0f13",
            "network_interface_id": "eni-0d034c5f07d3f4357",
            "private_ip": "172.16.115.15",
            "public_ip": "18.221.59.171",
            "secondary_allocation_ids": [],
            "secondary_private_ip_address_count": 0,
            "secondary_private_ip_addresses": [],
            "subnet_id": "subnet-00d05d8b1c03face7",
            "tags": {
              "Attributes": "nat",
              "Name": "ev-dev-eks-nat-use2a",
              "Namespace": "ev",
              "Stage": "dev",
              "kubernetes.io/cluster/ev-dev-eks-cluster": "shared"
            },
            "tags_all": {
              "Attributes": "nat",
              "Name": "ev-dev-eks-nat-use2a",
              "Namespace": "ev",
              "Stage": "dev",
              "kubernetes.io/cluster/ev-dev-eks-cluster": "shared"
            },
            "timeouts": null
          },
          "sensitive_attributes": [],
          "private": "eyJlMmJmYjczMC1lY2FhLTExZTYtOGY4OC0zNDM2M2JjN2M0YzAiOnsiY3JlYXRlIjo2MDAwMDAwMDAwMDAsImRlbGV0ZSI6MTgwMDAwMDAwMDAwMCwidXBkYXRlIjo2MDAwMDAwMDAwMDB9fQ==",
          "dependencies": [
            "module.subnets.aws_eip.default",
            "module.subnets.aws_eip_association.nat_instance",
            "module.subnets.aws_instance.nat_instance",
            "module.subnets.aws_security_group.nat_instance",
            "module.subnets.aws_subnet.public",
            "module.subnets.data.aws_ami.nat_instance",
            "module.subnets.data.aws_availability_zones.default",
            "module.subnets.data.aws_eip.nat",
            "module.subnets.data.aws_vpc.default",
            "module.vpc.aws_vpc.default"
          ],
          "create_before_destroy": true
        }
      ]
    },
    {
      "module": "module.subnets",
      "mode": "managed",
      "type": "aws_network_acl",
      "name": "private",
      "provider": "provider[\"registry.terraform.io/hashicorp/aws\"]",
      "instances": [
        {
          "index_key": 0,
          "schema_version": 0,
          "attributes": {
            "arn": "arn:aws:ec2:us-east-2:093304591402:network-acl/acl-0d5a6a3d13558e905",
            "egress": [
              {
                "action": "allow",
                "cidr_block": "",
                "from_port": 0,
                "icmp_code": 0,
                "icmp_type": 0,
                "ipv6_cidr_block": "::/0",
                "protocol": "-1",
                "rule_no": 111,
                "to_port": 0
              },
              {
                "action": "allow",
                "cidr_block": "0.0.0.0/0",
                "from_port": 0,
                "icmp_code": 0,
                "icmp_type": 0,
                "ipv6_cidr_block": "",
                "protocol": "-1",
                "rule_no": 100,
                "to_port": 0
              }
            ],
            "id": "acl-0d5a6a3d13558e905",
            "ingress": [
              {
                "action": "allow",
                "cidr_block": "",
                "from_port": 0,
                "icmp_code": 0,
                "icmp_type": 0,
                "ipv6_cidr_block": "::/0",
                "protocol": "-1",
                "rule_no": 111,
                "to_port": 0
              },
              {
                "action": "allow",
                "cidr_block": "0.0.0.0/0",
                "from_port": 0,
                "icmp_code": 0,
                "icmp_type": 0,
                "ipv6_cidr_block": "",
                "protocol": "-1",
                "rule_no": 100,
                "to_port": 0
              }
            ],
            "owner_id": "093304591402",
            "subnet_ids": [
              "subnet-09ea19677ae4a46ca",
              "subnet-0dc2bf8c3d528dfda"
            ],
            "tags": {
              "Attributes": "private",
              "Name": "ev-dev-eks-private",
              "Namespace": "ev",
              "Stage": "dev",
              "kubernetes.io/cluster/ev-dev-eks-cluster": "shared",
              "kubernetes.io/role/internal-elb": "1"
            },
            "tags_all": {
              "Attributes": "private",
              "Name": "ev-dev-eks-private",
              "Namespace": "ev",
              "Stage": "dev",
              "kubernetes.io/cluster/ev-dev-eks-cluster": "shared",
              "kubernetes.io/role/internal-elb": "1"
            },
            "vpc_id": "vpc-0eb41118d1855cfc8"
          },
          "sensitive_attributes": [],
          "private": "bnVsbA==",
          "dependencies": [
            "module.subnets.aws_subnet.private",
            "module.subnets.data.aws_availability_zones.default",
            "module.subnets.data.aws_vpc.default",
            "module.vpc.aws_vpc.default"
          ],
          "create_before_destroy": true
        }
      ]
    },
    {
      "module": "module.subnets",
      "mode": "managed",
      "type": "aws_network_acl",
      "name": "public",
      "provider": "provider[\"registry.terraform.io/hashicorp/aws\"]",
      "instances": [
        {
          "index_key": 0,
          "schema_version": 0,
          "attributes": {
            "arn": "arn:aws:ec2:us-east-2:093304591402:network-acl/acl-02f7a87cd7d8cbadd",
            "egress": [
              {
                "action": "allow",
                "cidr_block": "",
                "from_port": 0,
                "icmp_code": 0,
                "icmp_type": 0,
                "ipv6_cidr_block": "::/0",
                "protocol": "-1",
                "rule_no": 111,
                "to_port": 0
              },
              {
                "action": "allow",
                "cidr_block": "0.0.0.0/0",
                "from_port": 0,
                "icmp_code": 0,
                "icmp_type": 0,
                "ipv6_cidr_block": "",
                "protocol": "-1",
                "rule_no": 100,
                "to_port": 0
              }
            ],
            "id": "acl-02f7a87cd7d8cbadd",
            "ingress": [
              {
                "action": "allow",
                "cidr_block": "",
                "from_port": 0,
                "icmp_code": 0,
                "icmp_type": 0,
                "ipv6_cidr_block": "::/0",
                "protocol": "-1",
                "rule_no": 111,
                "to_port": 0
              },
              {
                "action": "allow",
                "cidr_block": "0.0.0.0/0",
                "from_port": 0,
                "icmp_code": 0,
                "icmp_type": 0,
                "ipv6_cidr_block": "",
                "protocol": "-1",
                "rule_no": 100,
                "to_port": 0
              }
            ],
            "owner_id": "093304591402",
            "subnet_ids": [
              "subnet-00d05d8b1c03face7",
              "subnet-017a41bd61f22a9e1"
            ],
            "tags": {
              "Attributes": "public",
              "Name": "ev-dev-eks-public",
              "Namespace": "ev",
              "Stage": "dev",
              "kubernetes.io/cluster/ev-dev-eks-cluster": "shared",
              "kubernetes.io/role/elb": "1"
            },
            "tags_all": {
              "Attributes": "public",
              "Name": "ev-dev-eks-public",
              "Namespace": "ev",
              "Stage": "dev",
              "kubernetes.io/cluster/ev-dev-eks-cluster": "shared",
              "kubernetes.io/role/elb": "1"
            },
            "vpc_id": "vpc-0eb41118d1855cfc8"
          },
          "sensitive_attributes": [],
          "private": "bnVsbA==",
          "dependencies": [
            "module.subnets.aws_subnet.public",
            "module.subnets.data.aws_availability_zones.default",
            "module.subnets.data.aws_vpc.default",
            "module.vpc.aws_vpc.default"
          ],
          "create_before_destroy": true
        }
      ]
    },
    {
      "module": "module.subnets",
      "mode": "managed",
      "type": "aws_network_acl_rule",
      "name": "private4_egress",
      "provider": "provider[\"registry.terraform.io/hashicorp/aws\"]",
      "instances": [
        {
          "index_key": 0,
          "schema_version": 0,
          "attributes": {
            "cidr_block": "0.0.0.0/0",
            "egress": true,
            "from_port": 0,
            "icmp_code": null,
            "icmp_type": null,
            "id": "nacl-51583072",
            "ipv6_cidr_block": "",
            "network_acl_id": "acl-0d5a6a3d13558e905",
            "protocol": "-1",
            "rule_action": "allow",
            "rule_number": 100,
            "to_port": 0
          },
          "sensitive_attributes": [],
          "private": "bnVsbA==",
          "dependencies": [
            "module.subnets.aws_network_acl.private",
            "module.subnets.aws_subnet.private",
            "module.subnets.data.aws_availability_zones.default",
            "module.subnets.data.aws_vpc.default",
            "module.vpc.aws_vpc.default"
          ],
          "create_before_destroy": true
        }
      ]
    },
    {
      "module": "module.subnets",
      "mode": "managed",
      "type": "aws_network_acl_rule",
      "name": "private4_ingress",
      "provider": "provider[\"registry.terraform.io/hashicorp/aws\"]",
      "instances": [
        {
          "index_key": 0,
          "schema_version": 0,
          "attributes": {
            "cidr_block": "0.0.0.0/0",
            "egress": false,
            "from_port": 0,
            "icmp_code": null,
            "icmp_type": null,
            "id": "nacl-376418781",
            "ipv6_cidr_block": "",
            "network_acl_id": "acl-0d5a6a3d13558e905",
            "protocol": "-1",
            "rule_action": "allow",
            "rule_number": 100,
            "to_port": 0
          },
          "sensitive_attributes": [],
          "private": "bnVsbA==",
          "dependencies": [
            "module.subnets.aws_network_acl.private",
            "module.subnets.aws_subnet.private",
            "module.subnets.data.aws_availability_zones.default",
            "module.subnets.data.aws_vpc.default",
            "module.vpc.aws_vpc.default"
          ],
          "create_before_destroy": true
        }
      ]
    },
    {
      "module": "module.subnets",
      "mode": "managed",
      "type": "aws_network_acl_rule",
      "name": "private6_egress",
      "provider": "provider[\"registry.terraform.io/hashicorp/aws\"]",
      "instances": [
        {
          "index_key": 0,
          "schema_version": 0,
          "attributes": {
            "cidr_block": "",
            "egress": true,
            "from_port": 0,
            "icmp_code": null,
            "icmp_type": null,
            "id": "nacl-761244830",
            "ipv6_cidr_block": "::/0",
            "network_acl_id": "acl-0d5a6a3d13558e905",
            "protocol": "-1",
            "rule_action": "allow",
            "rule_number": 111,
            "to_port": 0
          },
          "sensitive_attributes": [],
          "private": "bnVsbA==",
          "dependencies": [
            "module.subnets.aws_network_acl.private",
            "module.subnets.aws_subnet.private",
            "module.subnets.data.aws_availability_zones.default",
            "module.subnets.data.aws_vpc.default",
            "module.vpc.aws_vpc.default"
          ],
          "create_before_destroy": true
        }
      ]
    },
    {
      "module": "module.subnets",
      "mode": "managed",
      "type": "aws_network_acl_rule",
      "name": "private6_ingress",
      "provider": "provider[\"registry.terraform.io/hashicorp/aws\"]",
      "instances": [
        {
          "index_key": 0,
          "schema_version": 0,
          "attributes": {
            "cidr_block": "",
            "egress": false,
            "from_port": 0,
            "icmp_code": null,
            "icmp_type": null,
            "id": "nacl-1279533682",
            "ipv6_cidr_block": "::/0",
            "network_acl_id": "acl-0d5a6a3d13558e905",
            "protocol": "-1",
            "rule_action": "allow",
            "rule_number": 111,
            "to_port": 0
          },
          "sensitive_attributes": [],
          "private": "bnVsbA==",
          "dependencies": [
            "module.subnets.aws_network_acl.private",
            "module.subnets.aws_subnet.private",
            "module.subnets.data.aws_availability_zones.default",
            "module.subnets.data.aws_vpc.default",
            "module.vpc.aws_vpc.default"
          ],
          "create_before_destroy": true
        }
      ]
    },
    {
      "module": "module.subnets",
      "mode": "managed",
      "type": "aws_network_acl_rule",
      "name": "public4_egress",
      "provider": "provider[\"registry.terraform.io/hashicorp/aws\"]",
      "instances": [
        {
          "index_key": 0,
          "schema_version": 0,
          "attributes": {
            "cidr_block": "0.0.0.0/0",
            "egress": true,
            "from_port": 0,
            "icmp_code": null,
            "icmp_type": null,
            "id": "nacl-1682877634",
            "ipv6_cidr_block": "",
            "network_acl_id": "acl-02f7a87cd7d8cbadd",
            "protocol": "-1",
            "rule_action": "allow",
            "rule_number": 100,
            "to_port": 0
          },
          "sensitive_attributes": [],
          "private": "bnVsbA==",
          "dependencies": [
            "module.subnets.aws_network_acl.public",
            "module.subnets.aws_subnet.public",
            "module.subnets.data.aws_availability_zones.default",
            "module.subnets.data.aws_vpc.default",
            "module.vpc.aws_vpc.default"
          ],
          "create_before_destroy": true
        }
      ]
    },
    {
      "module": "module.subnets",
      "mode": "managed",
      "type": "aws_network_acl_rule",
      "name": "public4_ingress",
      "provider": "provider[\"registry.terraform.io/hashicorp/aws\"]",
      "instances": [
        {
          "index_key": 0,
          "schema_version": 0,
          "attributes": {
            "cidr_block": "0.0.0.0/0",
            "egress": false,
            "from_port": 0,
            "icmp_code": null,
            "icmp_type": null,
            "id": "nacl-785395373",
            "ipv6_cidr_block": "",
            "network_acl_id": "acl-02f7a87cd7d8cbadd",
            "protocol": "-1",
            "rule_action": "allow",
            "rule_number": 100,
            "to_port": 0
          },
          "sensitive_attributes": [],
          "private": "bnVsbA==",
          "dependencies": [
            "module.subnets.aws_network_acl.public",
            "module.subnets.aws_subnet.public",
            "module.subnets.data.aws_availability_zones.default",
            "module.subnets.data.aws_vpc.default",
            "module.vpc.aws_vpc.default"
          ],
          "create_before_destroy": true
        }
      ]
    },
    {
      "module": "module.subnets",
      "mode": "managed",
      "type": "aws_network_acl_rule",
      "name": "public6_egress",
      "provider": "provider[\"registry.terraform.io/hashicorp/aws\"]",
      "instances": [
        {
          "index_key": 0,
          "schema_version": 0,
          "attributes": {
            "cidr_block": "",
            "egress": true,
            "from_port": 0,
            "icmp_code": null,
            "icmp_type": null,
            "id": "nacl-1241651260",
            "ipv6_cidr_block": "::/0",
            "network_acl_id": "acl-02f7a87cd7d8cbadd",
            "protocol": "-1",
            "rule_action": "allow",
            "rule_number": 111,
            "to_port": 0
          },
          "sensitive_attributes": [],
          "private": "bnVsbA==",
          "dependencies": [
            "module.subnets.aws_network_acl.public",
            "module.subnets.aws_subnet.public",
            "module.subnets.data.aws_availability_zones.default",
            "module.subnets.data.aws_vpc.default",
            "module.vpc.aws_vpc.default"
          ],
          "create_before_destroy": true
        }
      ]
    },
    {
      "module": "module.subnets",
      "mode": "managed",
      "type": "aws_network_acl_rule",
      "name": "public6_ingress",
      "provider": "provider[\"registry.terraform.io/hashicorp/aws\"]",
      "instances": [
        {
          "index_key": 0,
          "schema_version": 0,
          "attributes": {
            "cidr_block": "",
            "egress": false,
            "from_port": 0,
            "icmp_code": null,
            "icmp_type": null,
            "id": "nacl-1962654978",
            "ipv6_cidr_block": "::/0",
            "network_acl_id": "acl-02f7a87cd7d8cbadd",
            "protocol": "-1",
            "rule_action": "allow",
            "rule_number": 111,
            "to_port": 0
          },
          "sensitive_attributes": [],
          "private": "bnVsbA==",
          "dependencies": [
            "module.subnets.aws_network_acl.public",
            "module.subnets.aws_subnet.public",
            "module.subnets.data.aws_availability_zones.default",
            "module.subnets.data.aws_vpc.default",
            "module.vpc.aws_vpc.default"
          ],
          "create_before_destroy": true
        }
      ]
    },
    {
      "module": "module.subnets",
      "mode": "managed",
      "type": "aws_route",
      "name": "nat4",
      "provider": "provider[\"registry.terraform.io/hashicorp/aws\"]",
      "instances": [
        {
          "index_key": 0,
          "schema_version": 0,
          "attributes": {
            "carrier_gateway_id": "",
            "core_network_arn": "",
            "destination_cidr_block": "0.0.0.0/0",
            "destination_ipv6_cidr_block": "",
            "destination_prefix_list_id": "",
            "egress_only_gateway_id": "",
            "gateway_id": "",
            "id": "r-rtb-08b240ac31755bec91080289494",
            "instance_id": "",
            "instance_owner_id": "",
            "local_gateway_id": "",
            "nat_gateway_id": "nat-035e17110a1cc0f13",
            "network_interface_id": "",
            "origin": "CreateRoute",
            "route_table_id": "rtb-08b240ac31755bec9",
            "state": "active",
            "timeouts": {
              "create": null,
              "delete": null,
              "update": null
            },
            "transit_gateway_id": "",
            "vpc_endpoint_id": "",
            "vpc_peering_connection_id": ""
          },
          "sensitive_attributes": [],
          "private": "eyJlMmJmYjczMC1lY2FhLTExZTYtOGY4OC0zNDM2M2JjN2M0YzAiOnsiY3JlYXRlIjozMDAwMDAwMDAwMDAsImRlbGV0ZSI6MzAwMDAwMDAwMDAwLCJ1cGRhdGUiOjEyMDAwMDAwMDAwMH19",
          "dependencies": [
            "module.subnets.aws_eip.default",
            "module.subnets.aws_eip_association.nat_instance",
            "module.subnets.aws_instance.nat_instance",
            "module.subnets.aws_nat_gateway.default",
            "module.subnets.aws_route_table.private",
            "module.subnets.aws_security_group.nat_instance",
            "module.subnets.aws_subnet.public",
            "module.subnets.data.aws_ami.nat_instance",
            "module.subnets.data.aws_availability_zones.default",
            "module.subnets.data.aws_eip.nat",
            "module.subnets.data.aws_vpc.default",
            "module.vpc.aws_vpc.default"
          ],
          "create_before_destroy": true
        },
        {
          "index_key": 1,
          "schema_version": 0,
          "attributes": {
            "carrier_gateway_id": "",
            "core_network_arn": "",
            "destination_cidr_block": "0.0.0.0/0",
            "destination_ipv6_cidr_block": "",
            "destination_prefix_list_id": "",
            "egress_only_gateway_id": "",
            "gateway_id": "",
            "id": "r-rtb-0b671a906b5b931271080289494",
            "instance_id": "",
            "instance_owner_id": "",
            "local_gateway_id": "",
            "nat_gateway_id": "nat-035e17110a1cc0f13",
            "network_interface_id": "",
            "origin": "CreateRoute",
            "route_table_id": "rtb-0b671a906b5b93127",
            "state": "active",
            "timeouts": {
              "create": null,
              "delete": null,
              "update": null
            },
            "transit_gateway_id": "",
            "vpc_endpoint_id": "",
            "vpc_peering_connection_id": ""
          },
          "sensitive_attributes": [],
          "private": "eyJlMmJmYjczMC1lY2FhLTExZTYtOGY4OC0zNDM2M2JjN2M0YzAiOnsiY3JlYXRlIjozMDAwMDAwMDAwMDAsImRlbGV0ZSI6MzAwMDAwMDAwMDAwLCJ1cGRhdGUiOjEyMDAwMDAwMDAwMH19",
          "dependencies": [
            "module.subnets.aws_eip.default",
            "module.subnets.aws_eip_association.nat_instance",
            "module.subnets.aws_instance.nat_instance",
            "module.subnets.aws_nat_gateway.default",
            "module.subnets.aws_route_table.private",
            "module.subnets.aws_security_group.nat_instance",
            "module.subnets.aws_subnet.public",
            "module.subnets.data.aws_ami.nat_instance",
            "module.subnets.data.aws_availability_zones.default",
            "module.subnets.data.aws_eip.nat",
            "module.subnets.data.aws_vpc.default",
            "module.vpc.aws_vpc.default"
          ],
          "create_before_destroy": true
        }
      ]
    },
    {
      "module": "module.subnets",
      "mode": "managed",
      "type": "aws_route",
      "name": "private_nat64",
      "provider": "provider[\"registry.terraform.io/hashicorp/aws\"]",
      "instances": [
        {
          "index_key": 0,
          "schema_version": 0,
          "attributes": {
            "carrier_gateway_id": "",
            "core_network_arn": "",
            "destination_cidr_block": "",
            "destination_ipv6_cidr_block": "64:ff9b::/96",
            "destination_prefix_list_id": "",
            "egress_only_gateway_id": "",
            "gateway_id": "",
            "id": "r-rtb-08b240ac31755bec92696003898",
            "instance_id": "",
            "instance_owner_id": "",
            "local_gateway_id": "",
            "nat_gateway_id": "nat-035e17110a1cc0f13",
            "network_interface_id": "",
            "origin": "CreateRoute",
            "route_table_id": "rtb-08b240ac31755bec9",
            "state": "active",
            "timeouts": {
              "create": null,
              "delete": null,
              "update": null
            },
            "transit_gateway_id": "",
            "vpc_endpoint_id": "",
            "vpc_peering_connection_id": ""
          },
          "sensitive_attributes": [],
          "private": "eyJlMmJmYjczMC1lY2FhLTExZTYtOGY4OC0zNDM2M2JjN2M0YzAiOnsiY3JlYXRlIjozMDAwMDAwMDAwMDAsImRlbGV0ZSI6MzAwMDAwMDAwMDAwLCJ1cGRhdGUiOjEyMDAwMDAwMDAwMH19",
          "dependencies": [
            "module.subnets.aws_eip.default",
            "module.subnets.aws_eip_association.nat_instance",
            "module.subnets.aws_instance.nat_instance",
            "module.subnets.aws_nat_gateway.default",
            "module.subnets.aws_route_table.private",
            "module.subnets.aws_security_group.nat_instance",
            "module.subnets.aws_subnet.public",
            "module.subnets.data.aws_ami.nat_instance",
            "module.subnets.data.aws_availability_zones.default",
            "module.subnets.data.aws_eip.nat",
            "module.subnets.data.aws_vpc.default",
            "module.vpc.aws_vpc.default"
          ],
          "create_before_destroy": true
        },
        {
          "index_key": 1,
          "schema_version": 0,
          "attributes": {
            "carrier_gateway_id": "",
            "core_network_arn": "",
            "destination_cidr_block": "",
            "destination_ipv6_cidr_block": "64:ff9b::/96",
            "destination_prefix_list_id": "",
            "egress_only_gateway_id": "",
            "gateway_id": "",
            "id": "r-rtb-0b671a906b5b931272696003898",
            "instance_id": "",
            "instance_owner_id": "",
            "local_gateway_id": "",
            "nat_gateway_id": "nat-035e17110a1cc0f13",
            "network_interface_id": "",
            "origin": "CreateRoute",
            "route_table_id": "rtb-0b671a906b5b93127",
            "state": "active",
            "timeouts": {
              "create": null,
              "delete": null,
              "update": null
            },
            "transit_gateway_id": "",
            "vpc_endpoint_id": "",
            "vpc_peering_connection_id": ""
          },
          "sensitive_attributes": [],
          "private": "eyJlMmJmYjczMC1lY2FhLTExZTYtOGY4OC0zNDM2M2JjN2M0YzAiOnsiY3JlYXRlIjozMDAwMDAwMDAwMDAsImRlbGV0ZSI6MzAwMDAwMDAwMDAwLCJ1cGRhdGUiOjEyMDAwMDAwMDAwMH19",
          "dependencies": [
            "module.subnets.aws_eip.default",
            "module.subnets.aws_eip_association.nat_instance",
            "module.subnets.aws_instance.nat_instance",
            "module.subnets.aws_nat_gateway.default",
            "module.subnets.aws_route_table.private",
            "module.subnets.aws_security_group.nat_instance",
            "module.subnets.aws_subnet.public",
            "module.subnets.data.aws_ami.nat_instance",
            "module.subnets.data.aws_availability_zones.default",
            "module.subnets.data.aws_eip.nat",
            "module.subnets.data.aws_vpc.default",
            "module.vpc.aws_vpc.default"
          ],
          "create_before_destroy": true
        }
      ]
    },
    {
      "module": "module.subnets",
      "mode": "managed",
      "type": "aws_route",
      "name": "public",
      "provider": "provider[\"registry.terraform.io/hashicorp/aws\"]",
      "instances": [
        {
          "index_key": 0,
          "schema_version": 0,
          "attributes": {
            "carrier_gateway_id": "",
            "core_network_arn": "",
            "destination_cidr_block": "0.0.0.0/0",
            "destination_ipv6_cidr_block": "",
            "destination_prefix_list_id": "",
            "egress_only_gateway_id": "",
            "gateway_id": "igw-071d9c439a9a652e3",
            "id": "r-rtb-076e2416a0f10d5e21080289494",
            "instance_id": "",
            "instance_owner_id": "",
            "local_gateway_id": "",
            "nat_gateway_id": "",
            "network_interface_id": "",
            "origin": "CreateRoute",
            "route_table_id": "rtb-076e2416a0f10d5e2",
            "state": "active",
            "timeouts": {
              "create": null,
              "delete": null,
              "update": null
            },
            "transit_gateway_id": "",
            "vpc_endpoint_id": "",
            "vpc_peering_connection_id": ""
          },
          "sensitive_attributes": [],
          "private": "eyJlMmJmYjczMC1lY2FhLTExZTYtOGY4OC0zNDM2M2JjN2M0YzAiOnsiY3JlYXRlIjozMDAwMDAwMDAwMDAsImRlbGV0ZSI6MzAwMDAwMDAwMDAwLCJ1cGRhdGUiOjEyMDAwMDAwMDAwMH19",
          "dependencies": [
            "module.subnets.aws_route_table.public",
            "module.subnets.data.aws_availability_zones.default",
            "module.vpc.aws_internet_gateway.default",
            "module.vpc.aws_vpc.default"
          ],
          "create_before_destroy": true
        }
      ]
    },
    {
      "module": "module.subnets",
      "mode": "managed",
      "type": "aws_route",
      "name": "public6",
      "provider": "provider[\"registry.terraform.io/hashicorp/aws\"]",
      "instances": [
        {
          "index_key": 0,
          "schema_version": 0,
          "attributes": {
            "carrier_gateway_id": "",
            "core_network_arn": "",
            "destination_cidr_block": "",
            "destination_ipv6_cidr_block": "::/0",
            "destination_prefix_list_id": "",
            "egress_only_gateway_id": "",
            "gateway_id": "igw-071d9c439a9a652e3",
            "id": "r-rtb-076e2416a0f10d5e22750132062",
            "instance_id": "",
            "instance_owner_id": "",
            "local_gateway_id": "",
            "nat_gateway_id": "",
            "network_interface_id": "",
            "origin": "CreateRoute",
            "route_table_id": "rtb-076e2416a0f10d5e2",
            "state": "active",
            "timeouts": {
              "create": null,
              "delete": null,
              "update": null
            },
            "transit_gateway_id": "",
            "vpc_endpoint_id": "",
            "vpc_peering_connection_id": ""
          },
          "sensitive_attributes": [],
          "private": "eyJlMmJmYjczMC1lY2FhLTExZTYtOGY4OC0zNDM2M2JjN2M0YzAiOnsiY3JlYXRlIjozMDAwMDAwMDAwMDAsImRlbGV0ZSI6MzAwMDAwMDAwMDAwLCJ1cGRhdGUiOjEyMDAwMDAwMDAwMH19",
          "dependencies": [
            "module.subnets.aws_route_table.public",
            "module.subnets.data.aws_availability_zones.default",
            "module.vpc.aws_internet_gateway.default",
            "module.vpc.aws_vpc.default"
          ],
          "create_before_destroy": true
        }
      ]
    },
    {
      "module": "module.subnets",
      "mode": "managed",
      "type": "aws_route_table",
      "name": "private",
      "provider": "provider[\"registry.terraform.io/hashicorp/aws\"]",
      "instances": [
        {
          "index_key": 0,
          "schema_version": 0,
          "attributes": {
            "arn": "arn:aws:ec2:us-east-2:093304591402:route-table/rtb-08b240ac31755bec9",
            "id": "rtb-08b240ac31755bec9",
            "owner_id": "093304591402",
            "propagating_vgws": [],
            "route": [
              {
                "carrier_gateway_id": "",
                "cidr_block": "",
                "core_network_arn": "",
                "destination_prefix_list_id": "",
                "egress_only_gateway_id": "",
                "gateway_id": "",
                "ipv6_cidr_block": "64:ff9b::/96",
                "local_gateway_id": "",
                "nat_gateway_id": "nat-035e17110a1cc0f13",
                "network_interface_id": "",
                "transit_gateway_id": "",
                "vpc_endpoint_id": "",
                "vpc_peering_connection_id": ""
              },
              {
                "carrier_gateway_id": "",
                "cidr_block": "0.0.0.0/0",
                "core_network_arn": "",
                "destination_prefix_list_id": "",
                "egress_only_gateway_id": "",
                "gateway_id": "",
                "ipv6_cidr_block": "",
                "local_gateway_id": "",
                "nat_gateway_id": "nat-035e17110a1cc0f13",
                "network_interface_id": "",
                "transit_gateway_id": "",
                "vpc_endpoint_id": "",
                "vpc_peering_connection_id": ""
              }
            ],
            "tags": {
              "Attributes": "private",
              "Name": "ev-dev-eks-private-use2a",
              "Namespace": "ev",
              "Stage": "dev",
              "kubernetes.io/cluster/ev-dev-eks-cluster": "shared",
              "kubernetes.io/role/internal-elb": "1"
            },
            "tags_all": {
              "Attributes": "private",
              "Name": "ev-dev-eks-private-use2a",
              "Namespace": "ev",
              "Stage": "dev",
              "kubernetes.io/cluster/ev-dev-eks-cluster": "shared",
              "kubernetes.io/role/internal-elb": "1"
            },
            "timeouts": null,
            "vpc_id": "vpc-0eb41118d1855cfc8"
          },
          "sensitive_attributes": [],
          "private": "eyJlMmJmYjczMC1lY2FhLTExZTYtOGY4OC0zNDM2M2JjN2M0YzAiOnsiY3JlYXRlIjozMDAwMDAwMDAwMDAsImRlbGV0ZSI6MzAwMDAwMDAwMDAwLCJ1cGRhdGUiOjEyMDAwMDAwMDAwMH19",
          "dependencies": [
            "module.subnets.data.aws_availability_zones.default",
            "module.vpc.aws_vpc.default"
          ],
          "create_before_destroy": true
        },
        {
          "index_key": 1,
          "schema_version": 0,
          "attributes": {
            "arn": "arn:aws:ec2:us-east-2:093304591402:route-table/rtb-0b671a906b5b93127",
            "id": "rtb-0b671a906b5b93127",
            "owner_id": "093304591402",
            "propagating_vgws": [],
            "route": [
              {
                "carrier_gateway_id": "",
                "cidr_block": "",
                "core_network_arn": "",
                "destination_prefix_list_id": "",
                "egress_only_gateway_id": "",
                "gateway_id": "",
                "ipv6_cidr_block": "64:ff9b::/96",
                "local_gateway_id": "",
                "nat_gateway_id": "nat-035e17110a1cc0f13",
                "network_interface_id": "",
                "transit_gateway_id": "",
                "vpc_endpoint_id": "",
                "vpc_peering_connection_id": ""
              },
              {
                "carrier_gateway_id": "",
                "cidr_block": "0.0.0.0/0",
                "core_network_arn": "",
                "destination_prefix_list_id": "",
                "egress_only_gateway_id": "",
                "gateway_id": "",
                "ipv6_cidr_block": "",
                "local_gateway_id": "",
                "nat_gateway_id": "nat-035e17110a1cc0f13",
                "network_interface_id": "",
                "transit_gateway_id": "",
                "vpc_endpoint_id": "",
                "vpc_peering_connection_id": ""
              }
            ],
            "tags": {
              "Attributes": "private",
              "Name": "ev-dev-eks-private-use2b",
              "Namespace": "ev",
              "Stage": "dev",
              "kubernetes.io/cluster/ev-dev-eks-cluster": "shared",
              "kubernetes.io/role/internal-elb": "1"
            },
            "tags_all": {
              "Attributes": "private",
              "Name": "ev-dev-eks-private-use2b",
              "Namespace": "ev",
              "Stage": "dev",
              "kubernetes.io/cluster/ev-dev-eks-cluster": "shared",
              "kubernetes.io/role/internal-elb": "1"
            },
            "timeouts": null,
            "vpc_id": "vpc-0eb41118d1855cfc8"
          },
          "sensitive_attributes": [],
          "private": "eyJlMmJmYjczMC1lY2FhLTExZTYtOGY4OC0zNDM2M2JjN2M0YzAiOnsiY3JlYXRlIjozMDAwMDAwMDAwMDAsImRlbGV0ZSI6MzAwMDAwMDAwMDAwLCJ1cGRhdGUiOjEyMDAwMDAwMDAwMH19",
          "dependencies": [
            "module.subnets.data.aws_availability_zones.default",
            "module.vpc.aws_vpc.default"
          ],
          "create_before_destroy": true
        }
      ]
    },
    {
      "module": "module.subnets",
      "mode": "managed",
      "type": "aws_route_table",
      "name": "public",
      "provider": "provider[\"registry.terraform.io/hashicorp/aws\"]",
      "instances": [
        {
          "index_key": 0,
          "schema_version": 0,
          "attributes": {
            "arn": "arn:aws:ec2:us-east-2:093304591402:route-table/rtb-076e2416a0f10d5e2",
            "id": "rtb-076e2416a0f10d5e2",
            "owner_id": "093304591402",
            "propagating_vgws": [],
            "route": [
              {
                "carrier_gateway_id": "",
                "cidr_block": "",
                "core_network_arn": "",
                "destination_prefix_list_id": "",
                "egress_only_gateway_id": "",
                "gateway_id": "igw-071d9c439a9a652e3",
                "ipv6_cidr_block": "::/0",
                "local_gateway_id": "",
                "nat_gateway_id": "",
                "network_interface_id": "",
                "transit_gateway_id": "",
                "vpc_endpoint_id": "",
                "vpc_peering_connection_id": ""
              },
              {
                "carrier_gateway_id": "",
                "cidr_block": "0.0.0.0/0",
                "core_network_arn": "",
                "destination_prefix_list_id": "",
                "egress_only_gateway_id": "",
                "gateway_id": "igw-071d9c439a9a652e3",
                "ipv6_cidr_block": "",
                "local_gateway_id": "",
                "nat_gateway_id": "",
                "network_interface_id": "",
                "transit_gateway_id": "",
                "vpc_endpoint_id": "",
                "vpc_peering_connection_id": ""
              }
            ],
            "tags": {
              "Attributes": "public",
              "Name": "ev-dev-eks-public",
              "Namespace": "ev",
              "Stage": "dev",
              "kubernetes.io/cluster/ev-dev-eks-cluster": "shared",
              "kubernetes.io/role/elb": "1"
            },
            "tags_all": {
              "Attributes": "public",
              "Name": "ev-dev-eks-public",
              "Namespace": "ev",
              "Stage": "dev",
              "kubernetes.io/cluster/ev-dev-eks-cluster": "shared",
              "kubernetes.io/role/elb": "1"
            },
            "timeouts": null,
            "vpc_id": "vpc-0eb41118d1855cfc8"
          },
          "sensitive_attributes": [],
          "private": "eyJlMmJmYjczMC1lY2FhLTExZTYtOGY4OC0zNDM2M2JjN2M0YzAiOnsiY3JlYXRlIjozMDAwMDAwMDAwMDAsImRlbGV0ZSI6MzAwMDAwMDAwMDAwLCJ1cGRhdGUiOjEyMDAwMDAwMDAwMH19",
          "dependencies": [
            "module.subnets.data.aws_availability_zones.default",
            "module.vpc.aws_vpc.default"
          ],
          "create_before_destroy": true
        }
      ]
    },
    {
      "module": "module.subnets",
      "mode": "managed",
      "type": "aws_route_table_association",
      "name": "private",
      "provider": "provider[\"registry.terraform.io/hashicorp/aws\"]",
      "instances": [
        {
          "index_key": 0,
          "schema_version": 0,
          "attributes": {
            "gateway_id": "",
            "id": "rtbassoc-02ca9a3435a5e5e2e",
            "route_table_id": "rtb-08b240ac31755bec9",
            "subnet_id": "subnet-09ea19677ae4a46ca",
            "timeouts": null
          },
          "sensitive_attributes": [],
          "private": "eyJlMmJmYjczMC1lY2FhLTExZTYtOGY4OC0zNDM2M2JjN2M0YzAiOnsiY3JlYXRlIjozMDAwMDAwMDAwMDAsImRlbGV0ZSI6MzAwMDAwMDAwMDAwLCJ1cGRhdGUiOjEyMDAwMDAwMDAwMH19",
          "dependencies": [
            "module.subnets.aws_route_table.private",
            "module.subnets.aws_subnet.private",
            "module.subnets.data.aws_availability_zones.default",
            "module.subnets.data.aws_vpc.default",
            "module.vpc.aws_vpc.default"
          ],
          "create_before_destroy": true
        },
        {
          "index_key": 1,
          "schema_version": 0,
          "attributes": {
            "gateway_id": "",
            "id": "rtbassoc-03ae95e5f861f827f",
            "route_table_id": "rtb-0b671a906b5b93127",
            "subnet_id": "subnet-0dc2bf8c3d528dfda",
            "timeouts": null
          },
          "sensitive_attributes": [],
          "private": "eyJlMmJmYjczMC1lY2FhLTExZTYtOGY4OC0zNDM2M2JjN2M0YzAiOnsiY3JlYXRlIjozMDAwMDAwMDAwMDAsImRlbGV0ZSI6MzAwMDAwMDAwMDAwLCJ1cGRhdGUiOjEyMDAwMDAwMDAwMH19",
          "dependencies": [
            "module.subnets.aws_route_table.private",
            "module.subnets.aws_subnet.private",
            "module.subnets.data.aws_availability_zones.default",
            "module.subnets.data.aws_vpc.default",
            "module.vpc.aws_vpc.default"
          ],
          "create_before_destroy": true
        }
      ]
    },
    {
      "module": "module.subnets",
      "mode": "managed",
      "type": "aws_route_table_association",
      "name": "public",
      "provider": "provider[\"registry.terraform.io/hashicorp/aws\"]",
      "instances": [
        {
          "index_key": 0,
          "schema_version": 0,
          "attributes": {
            "gateway_id": "",
            "id": "rtbassoc-0dd4e6d0476c170e6",
            "route_table_id": "rtb-076e2416a0f10d5e2",
            "subnet_id": "subnet-00d05d8b1c03face7",
            "timeouts": null
          },
          "sensitive_attributes": [],
          "private": "eyJlMmJmYjczMC1lY2FhLTExZTYtOGY4OC0zNDM2M2JjN2M0YzAiOnsiY3JlYXRlIjozMDAwMDAwMDAwMDAsImRlbGV0ZSI6MzAwMDAwMDAwMDAwLCJ1cGRhdGUiOjEyMDAwMDAwMDAwMH19",
          "dependencies": [
            "module.subnets.aws_route_table.public",
            "module.subnets.aws_subnet.public",
            "module.subnets.data.aws_availability_zones.default",
            "module.subnets.data.aws_vpc.default",
            "module.vpc.aws_vpc.default"
          ],
          "create_before_destroy": true
        },
        {
          "index_key": 1,
          "schema_version": 0,
          "attributes": {
            "gateway_id": "",
            "id": "rtbassoc-0958df402ebab5d8b",
            "route_table_id": "rtb-076e2416a0f10d5e2",
            "subnet_id": "subnet-017a41bd61f22a9e1",
            "timeouts": null
          },
          "sensitive_attributes": [],
          "private": "eyJlMmJmYjczMC1lY2FhLTExZTYtOGY4OC0zNDM2M2JjN2M0YzAiOnsiY3JlYXRlIjozMDAwMDAwMDAwMDAsImRlbGV0ZSI6MzAwMDAwMDAwMDAwLCJ1cGRhdGUiOjEyMDAwMDAwMDAwMH19",
          "dependencies": [
            "module.subnets.aws_route_table.public",
            "module.subnets.aws_subnet.public",
            "module.subnets.data.aws_availability_zones.default",
            "module.subnets.data.aws_vpc.default",
            "module.vpc.aws_vpc.default"
          ],
          "create_before_destroy": true
        }
      ]
    },
    {
      "module": "module.subnets",
      "mode": "managed",
      "type": "aws_subnet",
      "name": "private",
      "provider": "provider[\"registry.terraform.io/hashicorp/aws\"]",
      "instances": [
        {
          "index_key": 0,
          "schema_version": 1,
          "attributes": {
            "arn": "arn:aws:ec2:us-east-2:093304591402:subnet/subnet-09ea19677ae4a46ca",
            "assign_ipv6_address_on_creation": true,
            "availability_zone": "us-east-2a",
            "availability_zone_id": "use2-az1",
            "cidr_block": "172.16.0.0/19",
            "customer_owned_ipv4_pool": "",
            "enable_dns64": true,
            "enable_lni_at_device_index": 0,
            "enable_resource_name_dns_a_record_on_launch": false,
            "enable_resource_name_dns_aaaa_record_on_launch": false,
            "id": "subnet-09ea19677ae4a46ca",
            "ipv6_cidr_block": "2600:1f16:1e5a:5600::/64",
            "ipv6_cidr_block_association_id": "subnet-cidr-assoc-0c7cf4dc9a62f3507",
            "ipv6_native": false,
            "map_customer_owned_ip_on_launch": false,
            "map_public_ip_on_launch": false,
            "outpost_arn": "",
            "owner_id": "093304591402",
            "private_dns_hostname_type_on_launch": "ip-name",
            "tags": {
              "Attributes": "private",
              "Name": "ev-dev-eks-private-use2a",
              "Namespace": "ev",
              "Stage": "dev",
              "kubernetes.io/cluster/ev-dev-eks-cluster": "shared",
              "kubernetes.io/role/internal-elb": "1"
            },
            "tags_all": {
              "Attributes": "private",
              "Name": "ev-dev-eks-private-use2a",
              "Namespace": "ev",
              "Stage": "dev",
              "kubernetes.io/cluster/ev-dev-eks-cluster": "shared",
              "kubernetes.io/role/internal-elb": "1"
            },
            "timeouts": {
              "create": null,
              "delete": null
            },
            "vpc_id": "vpc-0eb41118d1855cfc8"
          },
          "sensitive_attributes": [],
          "private": "eyJlMmJmYjczMC1lY2FhLTExZTYtOGY4OC0zNDM2M2JjN2M0YzAiOnsiY3JlYXRlIjo2MDAwMDAwMDAwMDAsImRlbGV0ZSI6MTIwMDAwMDAwMDAwMH0sInNjaGVtYV92ZXJzaW9uIjoiMSJ9",
          "dependencies": [
            "module.subnets.data.aws_availability_zones.default",
            "module.subnets.data.aws_vpc.default",
            "module.vpc.aws_vpc.default"
          ],
          "create_before_destroy": true
        },
        {
          "index_key": 1,
          "schema_version": 1,
          "attributes": {
            "arn": "arn:aws:ec2:us-east-2:093304591402:subnet/subnet-0dc2bf8c3d528dfda",
            "assign_ipv6_address_on_creation": true,
            "availability_zone": "us-east-2b",
            "availability_zone_id": "use2-az2",
            "cidr_block": "172.16.32.0/19",
            "customer_owned_ipv4_pool": "",
            "enable_dns64": true,
            "enable_lni_at_device_index": 0,
            "enable_resource_name_dns_a_record_on_launch": false,
            "enable_resource_name_dns_aaaa_record_on_launch": false,
            "id": "subnet-0dc2bf8c3d528dfda",
            "ipv6_cidr_block": "2600:1f16:1e5a:5601::/64",
            "ipv6_cidr_block_association_id": "subnet-cidr-assoc-0c19fd46daee6ea2f",
            "ipv6_native": false,
            "map_customer_owned_ip_on_launch": false,
            "map_public_ip_on_launch": false,
            "outpost_arn": "",
            "owner_id": "093304591402",
            "private_dns_hostname_type_on_launch": "ip-name",
            "tags": {
              "Attributes": "private",
              "Name": "ev-dev-eks-private-use2b",
              "Namespace": "ev",
              "Stage": "dev",
              "kubernetes.io/cluster/ev-dev-eks-cluster": "shared",
              "kubernetes.io/role/internal-elb": "1"
            },
            "tags_all": {
              "Attributes": "private",
              "Name": "ev-dev-eks-private-use2b",
              "Namespace": "ev",
              "Stage": "dev",
              "kubernetes.io/cluster/ev-dev-eks-cluster": "shared",
              "kubernetes.io/role/internal-elb": "1"
            },
            "timeouts": {
              "create": null,
              "delete": null
            },
            "vpc_id": "vpc-0eb41118d1855cfc8"
          },
          "sensitive_attributes": [],
          "private": "eyJlMmJmYjczMC1lY2FhLTExZTYtOGY4OC0zNDM2M2JjN2M0YzAiOnsiY3JlYXRlIjo2MDAwMDAwMDAwMDAsImRlbGV0ZSI6MTIwMDAwMDAwMDAwMH0sInNjaGVtYV92ZXJzaW9uIjoiMSJ9",
          "dependencies": [
            "module.subnets.data.aws_availability_zones.default",
            "module.subnets.data.aws_vpc.default",
            "module.vpc.aws_vpc.default"
          ],
          "create_before_destroy": true
        }
      ]
    },
    {
      "module": "module.subnets",
      "mode": "managed",
      "type": "aws_subnet",
      "name": "public",
      "provider": "provider[\"registry.terraform.io/hashicorp/aws\"]",
      "instances": [
        {
          "index_key": 0,
          "schema_version": 1,
          "attributes": {
            "arn": "arn:aws:ec2:us-east-2:093304591402:subnet/subnet-00d05d8b1c03face7",
            "assign_ipv6_address_on_creation": true,
            "availability_zone": "us-east-2a",
            "availability_zone_id": "use2-az1",
            "cidr_block": "172.16.96.0/19",
            "customer_owned_ipv4_pool": "",
            "enable_dns64": false,
            "enable_lni_at_device_index": 0,
            "enable_resource_name_dns_a_record_on_launch": false,
            "enable_resource_name_dns_aaaa_record_on_launch": false,
            "id": "subnet-00d05d8b1c03face7",
            "ipv6_cidr_block": "2600:1f16:1e5a:5603::/64",
            "ipv6_cidr_block_association_id": "subnet-cidr-assoc-0a95f62e4112fdcca",
            "ipv6_native": false,
            "map_customer_owned_ip_on_launch": false,
            "map_public_ip_on_launch": true,
            "outpost_arn": "",
            "owner_id": "093304591402",
            "private_dns_hostname_type_on_launch": "ip-name",
            "tags": {
              "Attributes": "public",
              "Name": "ev-dev-eks-public-use2a",
              "Namespace": "ev",
              "Stage": "dev",
              "kubernetes.io/cluster/ev-dev-eks-cluster": "shared",
              "kubernetes.io/role/elb": "1"
            },
            "tags_all": {
              "Attributes": "public",
              "Name": "ev-dev-eks-public-use2a",
              "Namespace": "ev",
              "Stage": "dev",
              "kubernetes.io/cluster/ev-dev-eks-cluster": "shared",
              "kubernetes.io/role/elb": "1"
            },
            "timeouts": {
              "create": null,
              "delete": null
            },
            "vpc_id": "vpc-0eb41118d1855cfc8"
          },
          "sensitive_attributes": [],
          "private": "eyJlMmJmYjczMC1lY2FhLTExZTYtOGY4OC0zNDM2M2JjN2M0YzAiOnsiY3JlYXRlIjo2MDAwMDAwMDAwMDAsImRlbGV0ZSI6MTIwMDAwMDAwMDAwMH0sInNjaGVtYV92ZXJzaW9uIjoiMSJ9",
          "dependencies": [
            "module.subnets.data.aws_availability_zones.default",
            "module.subnets.data.aws_vpc.default",
            "module.vpc.aws_vpc.default"
          ],
          "create_before_destroy": true
        },
        {
          "index_key": 1,
          "schema_version": 1,
          "attributes": {
            "arn": "arn:aws:ec2:us-east-2:093304591402:subnet/subnet-017a41bd61f22a9e1",
            "assign_ipv6_address_on_creation": true,
            "availability_zone": "us-east-2b",
            "availability_zone_id": "use2-az2",
            "cidr_block": "172.16.128.0/19",
            "customer_owned_ipv4_pool": "",
            "enable_dns64": false,
            "enable_lni_at_device_index": 0,
            "enable_resource_name_dns_a_record_on_launch": false,
            "enable_resource_name_dns_aaaa_record_on_launch": false,
            "id": "subnet-017a41bd61f22a9e1",
            "ipv6_cidr_block": "2600:1f16:1e5a:5604::/64",
            "ipv6_cidr_block_association_id": "subnet-cidr-assoc-01938b2064d3b12a0",
            "ipv6_native": false,
            "map_customer_owned_ip_on_launch": false,
            "map_public_ip_on_launch": true,
            "outpost_arn": "",
            "owner_id": "093304591402",
            "private_dns_hostname_type_on_launch": "ip-name",
            "tags": {
              "Attributes": "public",
              "Name": "ev-dev-eks-public-use2b",
              "Namespace": "ev",
              "Stage": "dev",
              "kubernetes.io/cluster/ev-dev-eks-cluster": "shared",
              "kubernetes.io/role/elb": "1"
            },
            "tags_all": {
              "Attributes": "public",
              "Name": "ev-dev-eks-public-use2b",
              "Namespace": "ev",
              "Stage": "dev",
              "kubernetes.io/cluster/ev-dev-eks-cluster": "shared",
              "kubernetes.io/role/elb": "1"
            },
            "timeouts": {
              "create": null,
              "delete": null
            },
            "vpc_id": "vpc-0eb41118d1855cfc8"
          },
          "sensitive_attributes": [],
          "private": "eyJlMmJmYjczMC1lY2FhLTExZTYtOGY4OC0zNDM2M2JjN2M0YzAiOnsiY3JlYXRlIjo2MDAwMDAwMDAwMDAsImRlbGV0ZSI6MTIwMDAwMDAwMDAwMH0sInNjaGVtYV92ZXJzaW9uIjoiMSJ9",
          "dependencies": [
            "module.subnets.data.aws_availability_zones.default",
            "module.subnets.data.aws_vpc.default",
            "module.vpc.aws_vpc.default"
          ],
          "create_before_destroy": true
        }
      ]
    },
    {
      "module": "module.subnets.module.utils",
      "mode": "data",
      "type": "aws_regions",
      "name": "complete",
      "provider": "provider[\"registry.terraform.io/hashicorp/aws\"]",
      "instances": [
        {
          "schema_version": 0,
          "attributes": {
            "all_regions": true,
            "filter": [],
            "id": "aws",
            "names": [
              "af-south-1",
              "ap-east-1",
              "ap-northeast-1",
              "ap-northeast-2",
              "ap-northeast-3",
              "ap-south-1",
              "ap-south-2",
              "ap-southeast-1",
              "ap-southeast-2",
              "ap-southeast-3",
              "ap-southeast-4",
              "ca-central-1",
              "ca-west-1",
              "eu-central-1",
              "eu-central-2",
              "eu-north-1",
              "eu-south-1",
              "eu-south-2",
              "eu-west-1",
              "eu-west-2",
              "eu-west-3",
              "il-central-1",
              "me-central-1",
              "me-south-1",
              "sa-east-1",
              "us-east-1",
              "us-east-2",
              "us-west-1",
              "us-west-2"
            ]
          },
          "sensitive_attributes": []
        }
      ]
    },
    {
      "module": "module.subnets.module.utils",
      "mode": "data",
      "type": "aws_regions",
      "name": "default",
      "provider": "provider[\"registry.terraform.io/hashicorp/aws\"]",
      "instances": [
        {
          "schema_version": 0,
          "attributes": {
            "all_regions": true,
            "filter": [
              {
                "name": "opt-in-status",
                "values": [
                  "opt-in-not-required"
                ]
              }
            ],
            "id": "aws",
            "names": [
              "ap-northeast-1",
              "ap-northeast-2",
              "ap-northeast-3",
              "ap-south-1",
              "ap-southeast-1",
              "ap-southeast-2",
              "ca-central-1",
              "eu-central-1",
              "eu-north-1",
              "eu-west-1",
              "eu-west-2",
              "eu-west-3",
              "sa-east-1",
              "us-east-1",
              "us-east-2",
              "us-west-1",
              "us-west-2"
            ]
          },
          "sensitive_attributes": []
        }
      ]
    },
    {
      "module": "module.subnets.module.utils",
      "mode": "data",
      "type": "aws_regions",
      "name": "not_opted_in",
      "provider": "provider[\"registry.terraform.io/hashicorp/aws\"]",
      "instances": [
        {
          "schema_version": 0,
          "attributes": {
            "all_regions": true,
            "filter": [
              {
                "name": "opt-in-status",
                "values": [
                  "not-opted-in"
                ]
              }
            ],
            "id": "aws",
            "names": [
              "af-south-1",
              "ap-east-1",
              "ap-south-2",
              "ap-southeast-3",
              "ap-southeast-4",
              "ca-west-1",
              "eu-central-2",
              "eu-south-1",
              "eu-south-2",
              "il-central-1",
              "me-central-1",
              "me-south-1"
            ]
          },
          "sensitive_attributes": []
        }
      ]
    },
    {
      "module": "module.subnets.module.utils",
      "mode": "data",
      "type": "aws_regions",
      "name": "opted_in",
      "provider": "provider[\"registry.terraform.io/hashicorp/aws\"]",
      "instances": [
        {
          "schema_version": 0,
          "attributes": {
            "all_regions": true,
            "filter": [
              {
                "name": "opt-in-status",
                "values": [
                  "opted-in"
                ]
              }
            ],
            "id": "aws",
            "names": []
          },
          "sensitive_attributes": []
        }
      ]
    },
    {
      "module": "module.vpc",
      "mode": "managed",
      "type": "aws_default_security_group",
      "name": "default",
      "provider": "provider[\"registry.terraform.io/hashicorp/aws\"]",
      "instances": [
        {
          "index_key": 0,
          "schema_version": 1,
          "attributes": {
            "arn": "arn:aws:ec2:us-east-2:093304591402:security-group/sg-01febacc47312a17e",
            "description": "default VPC security group",
            "egress": [],
            "id": "sg-01febacc47312a17e",
            "ingress": [],
            "name": "default",
            "name_prefix": "",
            "owner_id": "093304591402",
            "revoke_rules_on_delete": false,
            "tags": {
              "Name": "ev-dev-eks-default",
              "Namespace": "ev",
              "Stage": "dev",
              "kubernetes.io/cluster/ev-dev-eks-cluster": "shared"
            },
            "tags_all": {
              "Name": "ev-dev-eks-default",
              "Namespace": "ev",
              "Stage": "dev",
              "kubernetes.io/cluster/ev-dev-eks-cluster": "shared"
            },
            "vpc_id": "vpc-0eb41118d1855cfc8"
          },
          "sensitive_attributes": [],
          "private": "eyJzY2hlbWFfdmVyc2lvbiI6IjEifQ==",
          "dependencies": [
            "module.vpc.aws_vpc.default"
          ]
        }
      ]
    },
    {
      "module": "module.vpc",
      "mode": "managed",
      "type": "aws_internet_gateway",
      "name": "default",
      "provider": "provider[\"registry.terraform.io/hashicorp/aws\"]",
      "instances": [
        {
          "index_key": 0,
          "schema_version": 0,
          "attributes": {
            "arn": "arn:aws:ec2:us-east-2:093304591402:internet-gateway/igw-071d9c439a9a652e3",
            "id": "igw-071d9c439a9a652e3",
            "owner_id": "093304591402",
            "tags": {
              "Name": "ev-dev-eks",
              "Namespace": "ev",
              "Stage": "dev",
              "kubernetes.io/cluster/ev-dev-eks-cluster": "shared"
            },
            "tags_all": {
              "Name": "ev-dev-eks",
              "Namespace": "ev",
              "Stage": "dev",
              "kubernetes.io/cluster/ev-dev-eks-cluster": "shared"
            },
            "timeouts": null,
            "vpc_id": "vpc-0eb41118d1855cfc8"
          },
          "sensitive_attributes": [],
          "private": "eyJlMmJmYjczMC1lY2FhLTExZTYtOGY4OC0zNDM2M2JjN2M0YzAiOnsiY3JlYXRlIjoxMjAwMDAwMDAwMDAwLCJkZWxldGUiOjEyMDAwMDAwMDAwMDAsInVwZGF0ZSI6MTIwMDAwMDAwMDAwMH19",
          "dependencies": [
            "module.vpc.aws_vpc.default"
          ],
          "create_before_destroy": true
        }
      ]
    },
    {
      "module": "module.vpc",
      "mode": "managed",
      "type": "aws_vpc",
      "name": "default",
      "provider": "provider[\"registry.terraform.io/hashicorp/aws\"]",
      "instances": [
        {
          "index_key": 0,
          "schema_version": 1,
          "attributes": {
            "arn": "arn:aws:ec2:us-east-2:093304591402:vpc/vpc-0eb41118d1855cfc8",
            "assign_generated_ipv6_cidr_block": true,
            "cidr_block": "172.16.0.0/16",
            "default_network_acl_id": "acl-053a4badf65193fb4",
            "default_route_table_id": "rtb-03b1e08896b251785",
            "default_security_group_id": "sg-01febacc47312a17e",
            "dhcp_options_id": "dopt-d9e84fb0",
            "enable_dns_hostnames": true,
            "enable_dns_support": true,
            "enable_network_address_usage_metrics": false,
            "id": "vpc-0eb41118d1855cfc8",
            "instance_tenancy": "default",
            "ipv4_ipam_pool_id": null,
            "ipv4_netmask_length": null,
            "ipv6_association_id": "vpc-cidr-assoc-00b4c06fefab70eb4",
            "ipv6_cidr_block": "2600:1f16:1e5a:5600::/56",
            "ipv6_cidr_block_network_border_group": "us-east-2",
            "ipv6_ipam_pool_id": "",
            "ipv6_netmask_length": 0,
            "main_route_table_id": "rtb-03b1e08896b251785",
            "owner_id": "093304591402",
            "tags": {
              "Name": "ev-dev-eks",
              "Namespace": "ev",
              "Stage": "dev",
              "kubernetes.io/cluster/ev-dev-eks-cluster": "shared"
            },
            "tags_all": {
              "Name": "ev-dev-eks",
              "Namespace": "ev",
              "Stage": "dev",
              "kubernetes.io/cluster/ev-dev-eks-cluster": "shared"
            }
          },
          "sensitive_attributes": [],
          "private": "eyJzY2hlbWFfdmVyc2lvbiI6IjEifQ==",
          "create_before_destroy": true
        }
      ]
    },
    {
      "module": "module.vpc_cni_eks_iam_role",
      "mode": "data",
      "type": "aws_caller_identity",
      "name": "current",
      "provider": "provider[\"registry.terraform.io/hashicorp/aws\"]",
      "instances": [
        {
          "index_key": 0,
          "schema_version": 0,
          "attributes": {
            "account_id": "093304591402",
            "arn": "arn:aws:iam::093304591402:user/enriquemanuel",
            "id": "093304591402",
            "user_id": "AIDAJU6OCXS3S2JPF5XZO"
          },
          "sensitive_attributes": []
        }
      ]
    },
    {
      "module": "module.vpc_cni_eks_iam_role",
      "mode": "data",
      "type": "aws_iam_policy_document",
      "name": "service_account_assume_role",
      "provider": "provider[\"registry.terraform.io/hashicorp/aws\"]",
      "instances": [
        {
          "index_key": 0,
          "schema_version": 0,
          "attributes": {
            "id": "1039147312",
            "json": "{\n  \"Version\": \"2012-10-17\",\n  \"Statement\": [\n    {\n      \"Effect\": \"Allow\",\n      \"Action\": \"sts:AssumeRoleWithWebIdentity\",\n      \"Principal\": {\n        \"Federated\": \"arn:aws:iam::093304591402:oidc-provider/oidc.eks.us-east-2.amazonaws.com/id/9835247FC62CC72EC692F547DED8F913\"\n      },\n      \"Condition\": {\n        \"StringEquals\": {\n          \"oidc.eks.us-east-2.amazonaws.com/id/9835247FC62CC72EC692F547DED8F913:aud\": \"sts.amazonaws.com\"\n        },\n        \"StringLike\": {\n          \"oidc.eks.us-east-2.amazonaws.com/id/9835247FC62CC72EC692F547DED8F913:sub\": \"system:serviceaccount:kube-system:aws-node\"\n        }\n      }\n    }\n  ]\n}",
            "minified_json": "{\"Version\":\"2012-10-17\",\"Statement\":[{\"Effect\":\"Allow\",\"Action\":\"sts:AssumeRoleWithWebIdentity\",\"Principal\":{\"Federated\":\"arn:aws:iam::093304591402:oidc-provider/oidc.eks.us-east-2.amazonaws.com/id/9835247FC62CC72EC692F547DED8F913\"},\"Condition\":{\"StringEquals\":{\"oidc.eks.us-east-2.amazonaws.com/id/9835247FC62CC72EC692F547DED8F913:aud\":\"sts.amazonaws.com\"},\"StringLike\":{\"oidc.eks.us-east-2.amazonaws.com/id/9835247FC62CC72EC692F547DED8F913:sub\":\"system:serviceaccount:kube-system:aws-node\"}}}]}",
            "override_json": null,
            "override_policy_documents": null,
            "policy_id": null,
            "source_json": null,
            "source_policy_documents": null,
            "statement": [
              {
                "actions": [
                  "sts:AssumeRoleWithWebIdentity"
                ],
                "condition": [
                  {
                    "test": "StringEquals",
                    "values": [
                      "sts.amazonaws.com"
                    ],
                    "variable": "oidc.eks.us-east-2.amazonaws.com/id/9835247FC62CC72EC692F547DED8F913:aud"
                  },
                  {
                    "test": "StringLike",
                    "values": [
                      "system:serviceaccount:kube-system:aws-node"
                    ],
                    "variable": "oidc.eks.us-east-2.amazonaws.com/id/9835247FC62CC72EC692F547DED8F913:sub"
                  }
                ],
                "effect": "Allow",
                "not_actions": [],
                "not_principals": [],
                "not_resources": [],
                "principals": [
                  {
                    "identifiers": [
                      "arn:aws:iam::093304591402:oidc-provider/oidc.eks.us-east-2.amazonaws.com/id/9835247FC62CC72EC692F547DED8F913"
                    ],
                    "type": "Federated"
                  }
                ],
                "resources": [],
                "sid": ""
              }
            ],
            "version": "2012-10-17"
          },
          "sensitive_attributes": []
        }
      ]
    },
    {
      "module": "module.vpc_cni_eks_iam_role",
      "mode": "managed",
      "type": "aws_iam_policy",
      "name": "service_account",
      "provider": "provider[\"registry.terraform.io/hashicorp/aws\"]",
      "instances": [
        {
          "index_key": 0,
          "schema_version": 0,
          "attributes": {
            "arn": "arn:aws:iam::093304591402:policy/ev-dev-eks-aws-node@kube-system",
            "attachment_count": 1,
            "description": "Grant permissions to EKS ServiceAccount aws-node@kube-system",
            "id": "arn:aws:iam::093304591402:policy/ev-dev-eks-aws-node@kube-system",
            "name": "ev-dev-eks-aws-node@kube-system",
            "name_prefix": "",
            "path": "/",
            "policy": "{\"Statement\":[{\"Action\":[\"ec2:DescribeTags\",\"ec2:DescribeNetworkInterfaces\",\"ec2:DescribeInstances\",\"ec2:DescribeInstanceTypes\",\"ec2:AssignIpv6Addresses\"],\"Effect\":\"Allow\",\"Resource\":\"*\"},{\"Action\":\"ec2:CreateTags\",\"Effect\":\"Allow\",\"Resource\":\"arn:aws:ec2:*:*:network-interface/*\"}],\"Version\":\"2012-10-17\"}",
            "policy_id": "ANPARLOLDCQVFW5WO6J4I",
            "tags": {
              "Attributes": "aws-node@kube-system",
              "Name": "ev-dev-eks-aws-node@kube-system",
              "Namespace": "ev",
              "Stage": "dev"
            },
            "tags_all": {
              "Attributes": "aws-node@kube-system",
              "Name": "ev-dev-eks-aws-node@kube-system",
              "Namespace": "ev",
              "Stage": "dev"
            }
          },
          "sensitive_attributes": [],
          "private": "bnVsbA==",
          "dependencies": [
            "data.aws_iam_policy_document.vpc_cni_ipv6"
          ]
        }
      ]
    },
    {
      "module": "module.vpc_cni_eks_iam_role",
      "mode": "managed",
      "type": "aws_iam_role",
      "name": "service_account",
      "provider": "provider[\"registry.terraform.io/hashicorp/aws\"]",
      "instances": [
        {
          "index_key": 0,
          "schema_version": 0,
          "attributes": {
            "arn": "arn:aws:iam::093304591402:role/ev-dev-eks-aws-node@kube-system",
            "assume_role_policy": "{\"Statement\":[{\"Action\":\"sts:AssumeRoleWithWebIdentity\",\"Condition\":{\"StringEquals\":{\"oidc.eks.us-east-2.amazonaws.com/id/9835247FC62CC72EC692F547DED8F913:aud\":\"sts.amazonaws.com\"},\"StringLike\":{\"oidc.eks.us-east-2.amazonaws.com/id/9835247FC62CC72EC692F547DED8F913:sub\":\"system:serviceaccount:kube-system:aws-node\"}},\"Effect\":\"Allow\",\"Principal\":{\"Federated\":\"arn:aws:iam::093304591402:oidc-provider/oidc.eks.us-east-2.amazonaws.com/id/9835247FC62CC72EC692F547DED8F913\"}}],\"Version\":\"2012-10-17\"}",
            "create_date": "2024-06-14T13:04:39Z",
            "description": "Role assumed by EKS ServiceAccount aws-node@kube-system",
            "force_detach_policies": false,
            "id": "ev-dev-eks-aws-node@kube-system",
            "inline_policy": [],
            "managed_policy_arns": [
              "arn:aws:iam::093304591402:policy/ev-dev-eks-aws-node@kube-system",
              "arn:aws:iam::aws:policy/AmazonEKS_CNI_Policy"
            ],
            "max_session_duration": 3600,
            "name": "ev-dev-eks-aws-node@kube-system",
            "name_prefix": "",
            "path": "/",
            "permissions_boundary": "",
            "tags": {
              "Attributes": "aws-node@kube-system",
              "Name": "ev-dev-eks-aws-node@kube-system",
              "Namespace": "ev",
              "Stage": "dev"
            },
            "tags_all": {
              "Attributes": "aws-node@kube-system",
              "Name": "ev-dev-eks-aws-node@kube-system",
              "Namespace": "ev",
              "Stage": "dev"
            },
            "unique_id": "AROARLOLDCQVHG5BPCU7B"
          },
          "sensitive_attributes": [],
          "private": "bnVsbA==",
          "dependencies": [
            "module.eks_cluster.aws_cloudwatch_log_group.default",
            "module.eks_cluster.aws_eks_cluster.default",
            "module.eks_cluster.aws_iam_policy.cluster_elb_service_role",
            "module.eks_cluster.aws_iam_role.default",
            "module.eks_cluster.aws_iam_role_policy_attachment.amazon_eks_cluster_policy",
            "module.eks_cluster.aws_iam_role_policy_attachment.amazon_eks_service_policy",
            "module.eks_cluster.aws_iam_role_policy_attachment.cluster_elb_service_role",
            "module.eks_cluster.aws_kms_alias.cluster",
            "module.eks_cluster.aws_kms_key.cluster",
            "module.eks_cluster.data.aws_iam_policy_document.assume_role",
            "module.eks_cluster.data.aws_iam_policy_document.cluster_elb_service_role",
            "module.eks_cluster.data.aws_partition.current",
            "module.subnets.aws_eip.default",
            "module.subnets.aws_eip_association.nat_instance",
            "module.subnets.aws_instance.nat_instance",
            "module.subnets.aws_nat_gateway.default",
            "module.subnets.aws_network_acl.private",
            "module.subnets.aws_network_acl.public",
            "module.subnets.aws_network_acl_rule.private4_egress",
            "module.subnets.aws_network_acl_rule.private4_ingress",
            "module.subnets.aws_network_acl_rule.private6_egress",
            "module.subnets.aws_network_acl_rule.private6_ingress",
            "module.subnets.aws_network_acl_rule.public4_egress",
            "module.subnets.aws_network_acl_rule.public4_ingress",
            "module.subnets.aws_network_acl_rule.public6_egress",
            "module.subnets.aws_network_acl_rule.public6_ingress",
            "module.subnets.aws_route.nat4",
            "module.subnets.aws_route.nat_instance",
            "module.subnets.aws_route.private6",
            "module.subnets.aws_route.private_nat64",
            "module.subnets.aws_route.public",
            "module.subnets.aws_route.public6",
            "module.subnets.aws_route.public_nat64",
            "module.subnets.aws_route_table.private",
            "module.subnets.aws_route_table.public",
            "module.subnets.aws_route_table_association.private",
            "module.subnets.aws_route_table_association.public",
            "module.subnets.aws_security_group.nat_instance",
            "module.subnets.aws_security_group_rule.nat_instance_egress",
            "module.subnets.aws_security_group_rule.nat_instance_ingress",
            "module.subnets.aws_subnet.private",
            "module.subnets.aws_subnet.public",
            "module.subnets.data.aws_ami.nat_instance",
            "module.subnets.data.aws_availability_zones.default",
            "module.subnets.data.aws_eip.nat",
            "module.subnets.data.aws_vpc.default",
            "module.subnets.module.utils.data.aws_iam_policy_document.by_account",
            "module.subnets.module.utils.data.aws_iam_policy_document.by_region",
            "module.subnets.module.utils.data.aws_regions.complete",
            "module.subnets.module.utils.data.aws_regions.default",
            "module.subnets.module.utils.data.aws_regions.not_opted_in",
            "module.subnets.module.utils.data.aws_regions.opted_in",
            "module.vpc.aws_internet_gateway.default",
            "module.vpc.aws_vpc.default",
            "module.vpc_cni_eks_iam_role.data.aws_caller_identity.current",
            "module.vpc_cni_eks_iam_role.data.aws_iam_policy_document.service_account_assume_role"
          ]
        }
      ]
    },
    {
      "module": "module.vpc_cni_eks_iam_role",
      "mode": "managed",
      "type": "aws_iam_role_policy_attachment",
      "name": "service_account",
      "provider": "provider[\"registry.terraform.io/hashicorp/aws\"]",
      "instances": [
        {
          "index_key": 0,
          "schema_version": 0,
          "attributes": {
            "id": "ev-dev-eks-aws-node@kube-system-20240614130439472700000011",
            "policy_arn": "arn:aws:iam::093304591402:policy/ev-dev-eks-aws-node@kube-system",
            "role": "ev-dev-eks-aws-node@kube-system"
          },
          "sensitive_attributes": [],
          "private": "bnVsbA==",
          "dependencies": [
            "data.aws_iam_policy_document.vpc_cni_ipv6",
            "module.eks_cluster.aws_cloudwatch_log_group.default",
            "module.eks_cluster.aws_eks_cluster.default",
            "module.eks_cluster.aws_iam_policy.cluster_elb_service_role",
            "module.eks_cluster.aws_iam_role.default",
            "module.eks_cluster.aws_iam_role_policy_attachment.amazon_eks_cluster_policy",
            "module.eks_cluster.aws_iam_role_policy_attachment.amazon_eks_service_policy",
            "module.eks_cluster.aws_iam_role_policy_attachment.cluster_elb_service_role",
            "module.eks_cluster.aws_kms_alias.cluster",
            "module.eks_cluster.aws_kms_key.cluster",
            "module.eks_cluster.data.aws_iam_policy_document.assume_role",
            "module.eks_cluster.data.aws_iam_policy_document.cluster_elb_service_role",
            "module.eks_cluster.data.aws_partition.current",
            "module.subnets.aws_eip.default",
            "module.subnets.aws_eip_association.nat_instance",
            "module.subnets.aws_instance.nat_instance",
            "module.subnets.aws_nat_gateway.default",
            "module.subnets.aws_network_acl.private",
            "module.subnets.aws_network_acl.public",
            "module.subnets.aws_network_acl_rule.private4_egress",
            "module.subnets.aws_network_acl_rule.private4_ingress",
            "module.subnets.aws_network_acl_rule.private6_egress",
            "module.subnets.aws_network_acl_rule.private6_ingress",
            "module.subnets.aws_network_acl_rule.public4_egress",
            "module.subnets.aws_network_acl_rule.public4_ingress",
            "module.subnets.aws_network_acl_rule.public6_egress",
            "module.subnets.aws_network_acl_rule.public6_ingress",
            "module.subnets.aws_route.nat4",
            "module.subnets.aws_route.nat_instance",
            "module.subnets.aws_route.private6",
            "module.subnets.aws_route.private_nat64",
            "module.subnets.aws_route.public",
            "module.subnets.aws_route.public6",
            "module.subnets.aws_route.public_nat64",
            "module.subnets.aws_route_table.private",
            "module.subnets.aws_route_table.public",
            "module.subnets.aws_route_table_association.private",
            "module.subnets.aws_route_table_association.public",
            "module.subnets.aws_security_group.nat_instance",
            "module.subnets.aws_security_group_rule.nat_instance_egress",
            "module.subnets.aws_security_group_rule.nat_instance_ingress",
            "module.subnets.aws_subnet.private",
            "module.subnets.aws_subnet.public",
            "module.subnets.data.aws_ami.nat_instance",
            "module.subnets.data.aws_availability_zones.default",
            "module.subnets.data.aws_eip.nat",
            "module.subnets.data.aws_vpc.default",
            "module.subnets.module.utils.data.aws_iam_policy_document.by_account",
            "module.subnets.module.utils.data.aws_iam_policy_document.by_region",
            "module.subnets.module.utils.data.aws_regions.complete",
            "module.subnets.module.utils.data.aws_regions.default",
            "module.subnets.module.utils.data.aws_regions.not_opted_in",
            "module.subnets.module.utils.data.aws_regions.opted_in",
            "module.vpc.aws_internet_gateway.default",
            "module.vpc.aws_vpc.default",
            "module.vpc_cni_eks_iam_role.aws_iam_policy.service_account",
            "module.vpc_cni_eks_iam_role.aws_iam_role.service_account",
            "module.vpc_cni_eks_iam_role.data.aws_caller_identity.current",
            "module.vpc_cni_eks_iam_role.data.aws_iam_policy_document.service_account_assume_role"
          ]
        }
      ]
    }
  ],
  "check_results": [
    {
      "object_kind": "resource",
      "config_addr": "module.vpc_cni_eks_iam_role.data.aws_iam_policy_document.service_account_assume_role",
      "status": "pass",
      "objects": [
        {
          "object_addr": "module.vpc_cni_eks_iam_role.data.aws_iam_policy_document.service_account_assume_role[0]",
          "status": "pass"
        }
      ]
    }
  ]
}
